<?xml version="1.0" encoding="UTF-8"?>
<!DOCTYPE plist PUBLIC "-//Apple//DTD PLIST 1.0//EN" "http://www.apple.com/DTDs/PropertyList-1.0.dtd">
<plist version="1.0">
<dict>
	<key>archiveVersion</key>
	<string>1</string>
	<key>classes</key>
	<dict/>
	<key>objectVersion</key>
	<string>46</string>
	<key>objects</key>
	<dict>
		<key>5A013139B7564C65A11A6AF7</key>
		<dict>
			<key>includeInIndex</key>
			<string>1</string>
			<key>isa</key>
			<string>PBXFileReference</string>
			<key>lastKnownFileType</key>
			<string>text.xcconfig</string>
			<key>name</key>
			<string>Pods.xcconfig</string>
			<key>path</key>
			<string>Pods/Pods.xcconfig</string>
			<key>sourceTree</key>
			<string>SOURCE_ROOT</string>
		</dict>
		<key>5E150CCA63514F45B4686C3E</key>
		<dict>
			<key>fileRef</key>
			<string>CB3D300365B94EB8975BC4E1</string>
			<key>isa</key>
			<string>PBXBuildFile</string>
		</dict>
		<key>60F17DF015D30BEF0072FA37</key>
		<dict>
			<key>children</key>
			<array>
				<string>60F17E0515D30BEF0072FA37</string>
				<string>60F17DFE15D30BEF0072FA37</string>
				<string>60F17DFC15D30BEF0072FA37</string>
				<string>5A013139B7564C65A11A6AF7</string>
			</array>
			<key>isa</key>
			<string>PBXGroup</string>
			<key>sourceTree</key>
			<string>&lt;group&gt;</string>
		</dict>
		<key>60F17DF215D30BEF0072FA37</key>
		<dict>
			<key>attributes</key>
			<dict>
				<key>CLASSPREFIX</key>
				<string>OR</string>
				<key>LastUpgradeCheck</key>
				<string>0450</string>
				<key>ORGANIZATIONNAME</key>
				<string>orta therox</string>
			</dict>
			<key>buildConfigurationList</key>
			<string>60F17DF515D30BEF0072FA37</string>
			<key>compatibilityVersion</key>
			<string>Xcode 3.2</string>
			<key>developmentRegion</key>
			<string>English</string>
			<key>hasScannedForEncodings</key>
			<string>0</string>
			<key>isa</key>
			<string>PBXProject</string>
			<key>knownRegions</key>
			<array>
				<string>en</string>
			</array>
			<key>mainGroup</key>
			<string>60F17DF015D30BEF0072FA37</string>
			<key>productRefGroup</key>
			<string>60F17DFC15D30BEF0072FA37</string>
			<key>projectDirPath</key>
			<string></string>
			<key>projectRoot</key>
			<string></string>
			<key>targets</key>
			<array>
				<string>60F17DFA15D30BEF0072FA37</string>
			</array>
		</dict>
		<key>60F17DF515D30BEF0072FA37</key>
		<dict>
			<key>buildConfigurations</key>
			<array>
				<string>60F17E1715D30BEF0072FA37</string>
				<string>60F17E1815D30BEF0072FA37</string>
			</array>
			<key>defaultConfigurationIsVisible</key>
			<string>0</string>
			<key>defaultConfigurationName</key>
			<string>Release</string>
			<key>isa</key>
			<string>XCConfigurationList</string>
		</dict>
		<key>60F17DF715D30BEF0072FA37</key>
		<dict>
			<key>buildActionMask</key>
			<string>2147483647</string>
			<key>files</key>
			<array>
				<string>60F17E0C15D30BEF0072FA37</string>
				<string>60F17E1015D30BEF0072FA37</string>
				<string>60F17E1615D30BEF0072FA37</string>
				<string>60F17E1E15D30DBE0072FA37</string>
				<string>60F17E2715D3133F0072FA37</string>
				<string>60F17E2B15D316F60072FA37</string>
			</array>
			<key>isa</key>
			<string>PBXSourcesBuildPhase</string>
			<key>runOnlyForDeploymentPostprocessing</key>
			<string>0</string>
		</dict>
		<key>60F17DF815D30BEF0072FA37</key>
		<dict>
			<key>buildActionMask</key>
			<string>2147483647</string>
			<key>files</key>
			<array>
				<string>60F17E0015D30BEF0072FA37</string>
				<string>60F17E0215D30BEF0072FA37</string>
				<string>60F17E0415D30BEF0072FA37</string>
				<string>5E150CCA63514F45B4686C3E</string>
			</array>
			<key>isa</key>
			<string>PBXFrameworksBuildPhase</string>
			<key>runOnlyForDeploymentPostprocessing</key>
			<string>0</string>
		</dict>
		<key>60F17DF915D30BEF0072FA37</key>
		<dict>
			<key>buildActionMask</key>
			<string>2147483647</string>
			<key>files</key>
			<array>
				<string>60F17E0A15D30BEF0072FA37</string>
				<string>60F17E1315D30BEF0072FA37</string>
			</array>
			<key>isa</key>
			<string>PBXResourcesBuildPhase</string>
			<key>runOnlyForDeploymentPostprocessing</key>
			<string>0</string>
		</dict>
		<key>60F17DFA15D30BEF0072FA37</key>
		<dict>
			<key>buildConfigurationList</key>
			<string>60F17E1915D30BEF0072FA37</string>
			<key>buildPhases</key>
			<array>
				<string>60F17DF715D30BEF0072FA37</string>
				<string>60F17DF815D30BEF0072FA37</string>
				<string>60F17DF915D30BEF0072FA37</string>
				<string>D757264C299C45C4A34800B0</string>
			</array>
			<key>buildRules</key>
			<array/>
			<key>dependencies</key>
			<array/>
			<key>isa</key>
			<string>PBXNativeTarget</string>
			<key>name</key>
			<string>Melia</string>
			<key>productName</key>
			<string>Melia</string>
			<key>productReference</key>
			<string>60F17DFB15D30BEF0072FA37</string>
			<key>productType</key>
			<string>com.apple.product-type.application</string>
		</dict>
		<key>60F17DFB15D30BEF0072FA37</key>
		<dict>
			<key>explicitFileType</key>
			<string>wrapper.application</string>
			<key>includeInIndex</key>
			<string>0</string>
			<key>isa</key>
			<string>PBXFileReference</string>
			<key>name</key>
			<string>Melia.app</string>
			<key>path</key>
			<string>Melia.app</string>
			<key>sourceTree</key>
			<string>BUILT_PRODUCTS_DIR</string>
		</dict>
		<key>60F17DFC15D30BEF0072FA37</key>
		<dict>
			<key>children</key>
			<array>
				<string>60F17DFB15D30BEF0072FA37</string>
			</array>
			<key>isa</key>
			<string>PBXGroup</string>
			<key>name</key>
			<string>Products</string>
			<key>sourceTree</key>
			<string>&lt;group&gt;</string>
		</dict>
		<key>60F17DFE15D30BEF0072FA37</key>
		<dict>
			<key>children</key>
			<array>
				<string>60F17DFF15D30BEF0072FA37</string>
				<string>60F17E0115D30BEF0072FA37</string>
				<string>60F17E0315D30BEF0072FA37</string>
				<string>CB3D300365B94EB8975BC4E1</string>
			</array>
			<key>isa</key>
			<string>PBXGroup</string>
			<key>name</key>
			<string>Frameworks</string>
			<key>sourceTree</key>
			<string>&lt;group&gt;</string>
		</dict>
		<key>60F17DFF15D30BEF0072FA37</key>
		<dict>
			<key>includeInIndex</key>
			<string>1</string>
			<key>isa</key>
			<string>PBXFileReference</string>
			<key>lastKnownFileType</key>
			<string>wrapper.framework</string>
			<key>name</key>
			<string>UIKit.framework</string>
			<key>path</key>
			<string>System/Library/Frameworks/UIKit.framework</string>
			<key>sourceTree</key>
			<string>SDKROOT</string>
		</dict>
		<key>60F17E0015D30BEF0072FA37</key>
		<dict>
			<key>fileRef</key>
			<string>60F17DFF15D30BEF0072FA37</string>
			<key>isa</key>
			<string>PBXBuildFile</string>
		</dict>
		<key>60F17E0115D30BEF0072FA37</key>
		<dict>
			<key>includeInIndex</key>
			<string>1</string>
			<key>isa</key>
			<string>PBXFileReference</string>
			<key>lastKnownFileType</key>
			<string>wrapper.framework</string>
			<key>name</key>
			<string>Foundation.framework</string>
			<key>path</key>
			<string>System/Library/Frameworks/Foundation.framework</string>
			<key>sourceTree</key>
			<string>SDKROOT</string>
		</dict>
		<key>60F17E0215D30BEF0072FA37</key>
		<dict>
			<key>fileRef</key>
			<string>60F17E0115D30BEF0072FA37</string>
			<key>isa</key>
			<string>PBXBuildFile</string>
		</dict>
		<key>60F17E0315D30BEF0072FA37</key>
		<dict>
			<key>includeInIndex</key>
			<string>1</string>
			<key>isa</key>
			<string>PBXFileReference</string>
			<key>lastKnownFileType</key>
			<string>wrapper.framework</string>
			<key>name</key>
			<string>CoreGraphics.framework</string>
			<key>path</key>
			<string>System/Library/Frameworks/CoreGraphics.framework</string>
			<key>sourceTree</key>
			<string>SDKROOT</string>
		</dict>
		<key>60F17E0415D30BEF0072FA37</key>
		<dict>
			<key>fileRef</key>
			<string>60F17E0315D30BEF0072FA37</string>
			<key>isa</key>
			<string>PBXBuildFile</string>
		</dict>
		<key>60F17E0515D30BEF0072FA37</key>
		<dict>
			<key>children</key>
			<array>
				<string>60F17E2815D316E00072FA37</string>
				<string>60F17E2415D313240072FA37</string>
				<string>60F17E1F15D30DC20072FA37</string>
				<string>60F17E0E15D30BEF0072FA37</string>
				<string>60F17E0F15D30BEF0072FA37</string>
				<string>60F17E1115D30BEF0072FA37</string>
				<string>60F17E1415D30BEF0072FA37</string>
				<string>60F17E1515D30BEF0072FA37</string>
				<string>60F17E0615D30BEF0072FA37</string>
			</array>
			<key>isa</key>
			<string>PBXGroup</string>
			<key>path</key>
			<string>Melia</string>
			<key>sourceTree</key>
			<string>&lt;group&gt;</string>
		</dict>
		<key>60F17E0615D30BEF0072FA37</key>
		<dict>
			<key>children</key>
			<array>
				<string>60F17E0715D30BEF0072FA37</string>
				<string>60F17E0815D30BEF0072FA37</string>
				<string>60F17E0B15D30BEF0072FA37</string>
				<string>60F17E0D15D30BEF0072FA37</string>
			</array>
			<key>isa</key>
			<string>PBXGroup</string>
			<key>name</key>
			<string>Supporting Files</string>
			<key>sourceTree</key>
			<string>&lt;group&gt;</string>
		</dict>
		<key>60F17E0715D30BEF0072FA37</key>
		<dict>
			<key>isa</key>
			<string>PBXFileReference</string>
			<key>lastKnownFileType</key>
			<string>text.plist.xml</string>
			<key>path</key>
			<string>Melia-Info.plist</string>
			<key>sourceTree</key>
			<string>&lt;group&gt;</string>
		</dict>
		<key>60F17E0815D30BEF0072FA37</key>
		<dict>
			<key>children</key>
			<array>
				<string>60F17E0915D30BEF0072FA37</string>
			</array>
			<key>isa</key>
			<string>PBXVariantGroup</string>
			<key>name</key>
			<string>InfoPlist.strings</string>
			<key>sourceTree</key>
			<string>&lt;group&gt;</string>
		</dict>
		<key>60F17E0915D30BEF0072FA37</key>
		<dict>
			<key>isa</key>
			<string>PBXFileReference</string>
			<key>lastKnownFileType</key>
			<string>text.plist.strings</string>
			<key>name</key>
			<string>en</string>
			<key>path</key>
			<string>en.lproj/InfoPlist.strings</string>
			<key>sourceTree</key>
			<string>&lt;group&gt;</string>
		</dict>
		<key>60F17E0A15D30BEF0072FA37</key>
		<dict>
			<key>fileRef</key>
			<string>60F17E0815D30BEF0072FA37</string>
			<key>isa</key>
			<string>PBXBuildFile</string>
		</dict>
		<key>60F17E0B15D30BEF0072FA37</key>
		<dict>
			<key>isa</key>
			<string>PBXFileReference</string>
			<key>lastKnownFileType</key>
			<string>sourcecode.c.objc</string>
			<key>path</key>
			<string>main.m</string>
			<key>sourceTree</key>
			<string>&lt;group&gt;</string>
		</dict>
		<key>60F17E0C15D30BEF0072FA37</key>
		<dict>
			<key>fileRef</key>
			<string>60F17E0B15D30BEF0072FA37</string>
			<key>isa</key>
			<string>PBXBuildFile</string>
		</dict>
		<key>60F17E0D15D30BEF0072FA37</key>
		<dict>
			<key>isa</key>
			<string>PBXFileReference</string>
			<key>lastKnownFileType</key>
			<string>sourcecode.c.h</string>
			<key>path</key>
			<string>Melia-Prefix.pch</string>
			<key>sourceTree</key>
			<string>&lt;group&gt;</string>
		</dict>
		<key>60F17E0E15D30BEF0072FA37</key>
		<dict>
			<key>isa</key>
			<string>PBXFileReference</string>
			<key>lastKnownFileType</key>
			<string>sourcecode.c.h</string>
			<key>path</key>
			<string>ORAppDelegate.h</string>
			<key>sourceTree</key>
			<string>&lt;group&gt;</string>
		</dict>
		<key>60F17E0F15D30BEF0072FA37</key>
		<dict>
			<key>isa</key>
			<string>PBXFileReference</string>
			<key>lastKnownFileType</key>
			<string>sourcecode.c.objc</string>
			<key>path</key>
			<string>ORAppDelegate.m</string>
			<key>sourceTree</key>
			<string>&lt;group&gt;</string>
		</dict>
		<key>60F17E1015D30BEF0072FA37</key>
		<dict>
			<key>fileRef</key>
			<string>60F17E0F15D30BEF0072FA37</string>
			<key>isa</key>
			<string>PBXBuildFile</string>
		</dict>
		<key>60F17E1115D30BEF0072FA37</key>
		<dict>
			<key>children</key>
			<array>
				<string>60F17E1215D30BEF0072FA37</string>
			</array>
			<key>isa</key>
			<string>PBXVariantGroup</string>
			<key>name</key>
			<string>MainStoryboard.storyboard</string>
			<key>sourceTree</key>
			<string>&lt;group&gt;</string>
		</dict>
		<key>60F17E1215D30BEF0072FA37</key>
		<dict>
			<key>isa</key>
			<string>PBXFileReference</string>
			<key>lastKnownFileType</key>
			<string>file.storyboard</string>
			<key>name</key>
			<string>en</string>
			<key>path</key>
			<string>en.lproj/MainStoryboard.storyboard</string>
			<key>sourceTree</key>
			<string>&lt;group&gt;</string>
		</dict>
		<key>60F17E1315D30BEF0072FA37</key>
		<dict>
			<key>fileRef</key>
			<string>60F17E1115D30BEF0072FA37</string>
			<key>isa</key>
			<string>PBXBuildFile</string>
		</dict>
		<key>60F17E1415D30BEF0072FA37</key>
		<dict>
			<key>isa</key>
			<string>PBXFileReference</string>
			<key>lastKnownFileType</key>
			<string>sourcecode.c.h</string>
			<key>path</key>
			<string>ORViewController.h</string>
			<key>sourceTree</key>
			<string>&lt;group&gt;</string>
		</dict>
		<key>60F17E1515D30BEF0072FA37</key>
		<dict>
			<key>isa</key>
			<string>PBXFileReference</string>
			<key>lastKnownFileType</key>
			<string>sourcecode.c.objc</string>
			<key>path</key>
			<string>ORViewController.m</string>
			<key>sourceTree</key>
			<string>&lt;group&gt;</string>
		</dict>
		<key>60F17E1615D30BEF0072FA37</key>
		<dict>
			<key>fileRef</key>
			<string>60F17E1515D30BEF0072FA37</string>
			<key>isa</key>
			<string>PBXBuildFile</string>
		</dict>
		<key>60F17E1715D30BEF0072FA37</key>
		<dict>
			<key>buildSettings</key>
			<dict>
				<key>ALWAYS_SEARCH_USER_PATHS</key>
				<string>NO</string>
				<key>CLANG_CXX_LANGUAGE_STANDARD</key>
				<string>gnu++0x</string>
				<key>CLANG_CXX_LIBRARY</key>
				<string>libc++</string>
				<key>CLANG_ENABLE_OBJC_ARC</key>
				<string>YES</string>
				<key>CLANG_WARN__DUPLICATE_METHOD_MATCH</key>
				<string>YES</string>
				<key>CODE_SIGN_IDENTITY[sdk=iphoneos*]</key>
				<string>iPhone Developer</string>
				<key>COPY_PHASE_STRIP</key>
				<string>NO</string>
				<key>GCC_C_LANGUAGE_STANDARD</key>
				<string>gnu99</string>
				<key>GCC_DYNAMIC_NO_PIC</key>
				<string>NO</string>
				<key>GCC_OPTIMIZATION_LEVEL</key>
				<string>0</string>
				<key>GCC_PREPROCESSOR_DEFINITIONS</key>
				<array>
					<string>DEBUG=1</string>
					<string>$(inherited)</string>
				</array>
				<key>GCC_SYMBOLS_PRIVATE_EXTERN</key>
				<string>NO</string>
				<key>GCC_WARN_ABOUT_RETURN_TYPE</key>
				<string>YES</string>
				<key>GCC_WARN_UNINITIALIZED_AUTOS</key>
				<string>YES</string>
				<key>GCC_WARN_UNUSED_VARIABLE</key>
				<string>YES</string>
				<key>IPHONEOS_DEPLOYMENT_TARGET</key>
				<string>6.0</string>
				<key>SDKROOT</key>
				<string>iphoneos</string>
				<key>TARGETED_DEVICE_FAMILY</key>
				<string>2</string>
			</dict>
			<key>isa</key>
			<string>XCBuildConfiguration</string>
			<key>name</key>
			<string>Debug</string>
		</dict>
		<key>60F17E1815D30BEF0072FA37</key>
		<dict>
			<key>buildSettings</key>
			<dict>
				<key>ALWAYS_SEARCH_USER_PATHS</key>
				<string>NO</string>
				<key>CLANG_CXX_LANGUAGE_STANDARD</key>
				<string>gnu++0x</string>
				<key>CLANG_CXX_LIBRARY</key>
				<string>libc++</string>
				<key>CLANG_ENABLE_OBJC_ARC</key>
				<string>YES</string>
				<key>CLANG_WARN__DUPLICATE_METHOD_MATCH</key>
				<string>YES</string>
				<key>CODE_SIGN_IDENTITY[sdk=iphoneos*]</key>
				<string>iPhone Developer</string>
				<key>COPY_PHASE_STRIP</key>
				<string>YES</string>
				<key>GCC_C_LANGUAGE_STANDARD</key>
				<string>gnu99</string>
				<key>GCC_WARN_ABOUT_RETURN_TYPE</key>
				<string>YES</string>
				<key>GCC_WARN_UNINITIALIZED_AUTOS</key>
				<string>YES</string>
				<key>GCC_WARN_UNUSED_VARIABLE</key>
				<string>YES</string>
				<key>IPHONEOS_DEPLOYMENT_TARGET</key>
				<string>6.0</string>
				<key>OTHER_CFLAGS</key>
				<string>-DNS_BLOCK_ASSERTIONS=1</string>
				<key>SDKROOT</key>
				<string>iphoneos</string>
				<key>TARGETED_DEVICE_FAMILY</key>
				<string>2</string>
				<key>VALIDATE_PRODUCT</key>
				<string>YES</string>
			</dict>
			<key>isa</key>
			<string>XCBuildConfiguration</string>
			<key>name</key>
			<string>Release</string>
		</dict>
		<key>60F17E1915D30BEF0072FA37</key>
		<dict>
			<key>buildConfigurations</key>
			<array>
				<string>60F17E1A15D30BEF0072FA37</string>
				<string>60F17E1B15D30BEF0072FA37</string>
			</array>
			<key>defaultConfigurationIsVisible</key>
			<string>0</string>
			<key>isa</key>
			<string>XCConfigurationList</string>
		</dict>
		<key>60F17E1A15D30BEF0072FA37</key>
		<dict>
			<key>baseConfigurationReference</key>
			<string>5A013139B7564C65A11A6AF7</string>
			<key>buildSettings</key>
			<dict>
				<key>GCC_PRECOMPILE_PREFIX_HEADER</key>
				<string>YES</string>
				<key>GCC_PREFIX_HEADER</key>
				<string>Melia/Melia-Prefix.pch</string>
				<key>INFOPLIST_FILE</key>
				<string>Melia/Melia-Info.plist</string>
				<key>PRODUCT_NAME</key>
				<string>$(TARGET_NAME)</string>
				<key>WRAPPER_EXTENSION</key>
				<string>app</string>
			</dict>
			<key>isa</key>
			<string>XCBuildConfiguration</string>
			<key>name</key>
			<string>Debug</string>
		</dict>
		<key>60F17E1B15D30BEF0072FA37</key>
		<dict>
			<key>baseConfigurationReference</key>
			<string>5A013139B7564C65A11A6AF7</string>
			<key>buildSettings</key>
			<dict>
				<key>GCC_PRECOMPILE_PREFIX_HEADER</key>
				<string>YES</string>
				<key>GCC_PREFIX_HEADER</key>
				<string>Melia/Melia-Prefix.pch</string>
				<key>INFOPLIST_FILE</key>
				<string>Melia/Melia-Info.plist</string>
				<key>PRODUCT_NAME</key>
				<string>$(TARGET_NAME)</string>
				<key>WRAPPER_EXTENSION</key>
				<string>app</string>
			</dict>
			<key>isa</key>
			<string>XCBuildConfiguration</string>
			<key>name</key>
			<string>Release</string>
		</dict>
		<key>60F17E1C15D30DBE0072FA37</key>
		<dict>
			<key>fileEncoding</key>
			<string>4</string>
			<key>isa</key>
			<string>PBXFileReference</string>
			<key>lastKnownFileType</key>
			<string>sourcecode.c.h</string>
			<key>name</key>
			<string>ORAlbumFinderViewController.h</string>
			<key>path</key>
			<string>ViewControllers/ORAlbumFinderViewController.h</string>
			<key>sourceTree</key>
			<string>&lt;group&gt;</string>
		</dict>
		<key>60F17E1D15D30DBE0072FA37</key>
		<dict>
			<key>fileEncoding</key>
			<string>4</string>
			<key>isa</key>
			<string>PBXFileReference</string>
			<key>lastKnownFileType</key>
			<string>sourcecode.c.objc</string>
			<key>name</key>
			<string>ORAlbumFinderViewController.m</string>
			<key>path</key>
			<string>ViewControllers/ORAlbumFinderViewController.m</string>
			<key>sourceTree</key>
			<string>&lt;group&gt;</string>
		</dict>
		<key>60F17E1E15D30DBE0072FA37</key>
		<dict>
			<key>fileRef</key>
			<string>60F17E1D15D30DBE0072FA37</string>
			<key>isa</key>
			<string>PBXBuildFile</string>
		</dict>
		<key>60F17E1F15D30DC20072FA37</key>
		<dict>
			<key>children</key>
			<array>
				<string>60F17E1C15D30DBE0072FA37</string>
				<string>60F17E1D15D30DBE0072FA37</string>
			</array>
			<key>isa</key>
			<string>PBXGroup</string>
			<key>name</key>
			<string>ViewControllers</string>
			<key>sourceTree</key>
			<string>&lt;group&gt;</string>
		</dict>
		<key>60F17E2415D313240072FA37</key>
		<dict>
			<key>children</key>
			<array>
				<string>60F17E2515D3133F0072FA37</string>
				<string>60F17E2615D3133F0072FA37</string>
			</array>
			<key>isa</key>
			<string>PBXGroup</string>
			<key>name</key>
			<string>Models</string>
			<key>sourceTree</key>
			<string>&lt;group&gt;</string>
		</dict>
		<key>60F17E2515D3133F0072FA37</key>
		<dict>
			<key>fileEncoding</key>
			<string>4</string>
			<key>isa</key>
			<string>PBXFileReference</string>
			<key>lastKnownFileType</key>
			<string>sourcecode.c.h</string>
			<key>name</key>
			<string>Album.h</string>
			<key>path</key>
			<string>Models/Album.h</string>
			<key>sourceTree</key>
			<string>&lt;group&gt;</string>
		</dict>
		<key>60F17E2615D3133F0072FA37</key>
		<dict>
			<key>fileEncoding</key>
			<string>4</string>
			<key>isa</key>
			<string>PBXFileReference</string>
			<key>lastKnownFileType</key>
			<string>sourcecode.c.objc</string>
			<key>name</key>
			<string>Album.m</string>
			<key>path</key>
			<string>Models/Album.m</string>
			<key>sourceTree</key>
			<string>&lt;group&gt;</string>
		</dict>
		<key>60F17E2715D3133F0072FA37</key>
		<dict>
			<key>fileRef</key>
			<string>60F17E2615D3133F0072FA37</string>
			<key>isa</key>
			<string>PBXBuildFile</string>
		</dict>
		<key>60F17E2815D316E00072FA37</key>
		<dict>
			<key>children</key>
			<array>
				<string>60F17E2915D316F60072FA37</string>
				<string>60F17E2A15D316F60072FA37</string>
			</array>
			<key>isa</key>
			<string>PBXGroup</string>
			<key>name</key>
			<string>Views</string>
			<key>sourceTree</key>
			<string>&lt;group&gt;</string>
		</dict>
		<key>60F17E2915D316F60072FA37</key>
		<dict>
			<key>fileEncoding</key>
			<string>4</string>
			<key>isa</key>
			<string>PBXFileReference</string>
			<key>lastKnownFileType</key>
			<string>sourcecode.c.h</string>
			<key>name</key>
			<string>ORAlbumView.h</string>
			<key>path</key>
			<string>Views/ORAlbumView.h</string>
			<key>sourceTree</key>
			<string>&lt;group&gt;</string>
		</dict>
		<key>60F17E2A15D316F60072FA37</key>
		<dict>
			<key>fileEncoding</key>
			<string>4</string>
			<key>isa</key>
			<string>PBXFileReference</string>
			<key>lastKnownFileType</key>
			<string>sourcecode.c.objc</string>
			<key>name</key>
			<string>ORAlbumView.m</string>
			<key>path</key>
			<string>Views/ORAlbumView.m</string>
			<key>sourceTree</key>
			<string>&lt;group&gt;</string>
		</dict>
		<key>60F17E2B15D316F60072FA37</key>
		<dict>
			<key>fileRef</key>
			<string>60F17E2A15D316F60072FA37</string>
			<key>isa</key>
			<string>PBXBuildFile</string>
		</dict>
		<key>CB3D300365B94EB8975BC4E1</key>
		<dict>
			<key>explicitFileType</key>
			<string>archive.ar</string>
			<key>includeInIndex</key>
			<string>0</string>
			<key>isa</key>
			<string>PBXFileReference</string>
			<key>name</key>
			<string>libPods.a</string>
			<key>path</key>
			<string>libPods.a</string>
			<key>sourceTree</key>
			<string>BUILT_PRODUCTS_DIR</string>
		</dict>
		<key>D757264C299C45C4A34800B0</key>
		<dict>
			<key>buildActionMask</key>
			<string>2147483647</string>
			<key>files</key>
			<array/>
			<key>inputPaths</key>
			<array/>
			<key>isa</key>
			<string>PBXShellScriptBuildPhase</string>
			<key>name</key>
			<string>Copy Pods Resources</string>
			<key>outputPaths</key>
			<array/>
			<key>runOnlyForDeploymentPostprocessing</key>
			<string>0</string>
			<key>shellPath</key>
			<string>/bin/sh</string>
			<key>shellScript</key>
			<string>"${SRCROOT}/Pods/Pods-resources.sh"
</string>
		</dict>
	</dict>
	<key>rootObject</key>
	<string>60F17DF215D30BEF0072FA37</string>
</dict>
</plist>
