// !$*UTF8*$!
{
	archiveVersion = 1;
	classes = {
	};
	objectVersion = 46;
	objects = {

/* Begin PBXBuildFile section */
		5E150CCA63514F45B4686C3E /* libPods.a in Frameworks */ = {isa = PBXBuildFile; fileRef = CB3D300365B94EB8975BC4E1 /* libPods.a */; };
		601C19E915D6CF9B001E4398 /* ORAlbumSyncViewController.m in Sources */ = {isa = PBXBuildFile; fileRef = 601C19E815D6CF9B001E4398 /* ORAlbumSyncViewController.m */; };
		601C19F415D6D730001E4398 /* ARFileDownloadOperation.m in Sources */ = {isa = PBXBuildFile; fileRef = 601C19F315D6D730001E4398 /* ARFileDownloadOperation.m */; };
		601C19F815D6D74F001E4398 /* NSFileManager+SkipBackup.m in Sources */ = {isa = PBXBuildFile; fileRef = 601C19F715D6D74F001E4398 /* NSFileManager+SkipBackup.m */; };
		601C19FB15D6DAEC001E4398 /* NSFileManager+AppDirectories.m in Sources */ = {isa = PBXBuildFile; fileRef = 601C19FA15D6DAEC001E4398 /* NSFileManager+AppDirectories.m */; };
		602026BD15D727AE00284FD5 /* NSFileManager+PathHandling.m in Sources */ = {isa = PBXBuildFile; fileRef = 602026BC15D727AE00284FD5 /* NSFileManager+PathHandling.m */; };
		602026C115D72A0500284FD5 /* ORImageViewCell.m in Sources */ = {isa = PBXBuildFile; fileRef = 602026C015D72A0500284FD5 /* ORImageViewCell.m */; };
		602026C415D7384900284FD5 /* ORAlbumViewController.m in Sources */ = {isa = PBXBuildFile; fileRef = 602026C315D7384900284FD5 /* ORAlbumViewController.m */; };
		6020270815D74B1700284FD5 /* JDSlideshowController.m in Sources */ = {isa = PBXBuildFile; fileRef = 602026F315D74B1700284FD5 /* JDSlideshowController.m */; };
		6020270915D74B1700284FD5 /* JDSlideshowView.m in Sources */ = {isa = PBXBuildFile; fileRef = 602026F715D74B1700284FD5 /* JDSlideshowView.m */; };
		6020270A15D74B1700284FD5 /* JDSlideshowViewController.m in Sources */ = {isa = PBXBuildFile; fileRef = 602026F915D74B1700284FD5 /* JDSlideshowViewController.m */; };
		6020270B15D74B1700284FD5 /* JDSlideView.m in Sources */ = {isa = PBXBuildFile; fileRef = 602026FC15D74B1700284FD5 /* JDSlideView.m */; };
		6020270C15D74B1700284FD5 /* leftArrow.png in Resources */ = {isa = PBXBuildFile; fileRef = 602026FE15D74B1700284FD5 /* leftArrow.png */; };
		6020270D15D74B1700284FD5 /* leftArrow@2x.png in Resources */ = {isa = PBXBuildFile; fileRef = 602026FF15D74B1700284FD5 /* leftArrow@2x.png */; };
		6020270E15D74B1700284FD5 /* playButton.png in Resources */ = {isa = PBXBuildFile; fileRef = 6020270015D74B1700284FD5 /* playButton.png */; };
		6020270F15D74B1700284FD5 /* playButton@2x.png in Resources */ = {isa = PBXBuildFile; fileRef = 6020270115D74B1700284FD5 /* playButton@2x.png */; };
		6020271015D74B1700284FD5 /* playButtonHighlighted.png in Resources */ = {isa = PBXBuildFile; fileRef = 6020270215D74B1700284FD5 /* playButtonHighlighted.png */; };
		6020271115D74B1700284FD5 /* playButtonHighlighted@2x.png in Resources */ = {isa = PBXBuildFile; fileRef = 6020270315D74B1700284FD5 /* playButtonHighlighted@2x.png */; };
		6020271215D74B1700284FD5 /* rightArrow.png in Resources */ = {isa = PBXBuildFile; fileRef = 6020270415D74B1700284FD5 /* rightArrow.png */; };
		6020271315D74B1700284FD5 /* rightArrow@2x.png in Resources */ = {isa = PBXBuildFile; fileRef = 6020270515D74B1700284FD5 /* rightArrow@2x.png */; };
		6020271415D74B1700284FD5 /* stopIcon.png in Resources */ = {isa = PBXBuildFile; fileRef = 6020270615D74B1700284FD5 /* stopIcon.png */; };
		6020271515D74B1700284FD5 /* stopIcon@2x.png in Resources */ = {isa = PBXBuildFile; fileRef = 6020270715D74B1700284FD5 /* stopIcon@2x.png */; };
		6020271F15D7518200284FD5 /* AVFoundation.framework in Frameworks */ = {isa = PBXBuildFile; fileRef = 6020271E15D7518200284FD5 /* AVFoundation.framework */; };
		6020272115D751CE00284FD5 /* MediaPlayer.framework in Frameworks */ = {isa = PBXBuildFile; fileRef = 6020272015D751CE00284FD5 /* MediaPlayer.framework */; };
		6020272315D751F200284FD5 /* CoreMedia.framework in Frameworks */ = {isa = PBXBuildFile; fileRef = 6020272215D751F200284FD5 /* CoreMedia.framework */; };
		60F17E0015D30BEF0072FA37 /* UIKit.framework in Frameworks */ = {isa = PBXBuildFile; fileRef = 60F17DFF15D30BEF0072FA37 /* UIKit.framework */; };
		60F17E0215D30BEF0072FA37 /* Foundation.framework in Frameworks */ = {isa = PBXBuildFile; fileRef = 60F17E0115D30BEF0072FA37 /* Foundation.framework */; };
		60F17E0415D30BEF0072FA37 /* CoreGraphics.framework in Frameworks */ = {isa = PBXBuildFile; fileRef = 60F17E0315D30BEF0072FA37 /* CoreGraphics.framework */; };
		60F17E0A15D30BEF0072FA37 /* InfoPlist.strings in Resources */ = {isa = PBXBuildFile; fileRef = 60F17E0815D30BEF0072FA37 /* InfoPlist.strings */; };
		60F17E0C15D30BEF0072FA37 /* main.m in Sources */ = {isa = PBXBuildFile; fileRef = 60F17E0B15D30BEF0072FA37 /* main.m */; };
		60F17E1015D30BEF0072FA37 /* ORAppDelegate.m in Sources */ = {isa = PBXBuildFile; fileRef = 60F17E0F15D30BEF0072FA37 /* ORAppDelegate.m */; };
		60F17E1315D30BEF0072FA37 /* MainStoryboard.storyboard in Resources */ = {isa = PBXBuildFile; fileRef = 60F17E1115D30BEF0072FA37 /* MainStoryboard.storyboard */; };
		60F17E1615D30BEF0072FA37 /* ORCollectionViewController.m in Sources */ = {isa = PBXBuildFile; fileRef = 60F17E1515D30BEF0072FA37 /* ORCollectionViewController.m */; };
		60F17E1E15D30DBE0072FA37 /* ORAlbumFinderViewController.m in Sources */ = {isa = PBXBuildFile; fileRef = 60F17E1D15D30DBE0072FA37 /* ORAlbumFinderViewController.m */; };
/* End PBXBuildFile section */

/* Begin PBXFileReference section */
		5A013139B7564C65A11A6AF7 /* Pods.xcconfig */ = {isa = PBXFileReference; includeInIndex = 1; lastKnownFileType = text.xcconfig; name = Pods.xcconfig; path = Pods/Pods.xcconfig; sourceTree = SOURCE_ROOT; };
		601C19E715D6CF9B001E4398 /* ORAlbumSyncViewController.h */ = {isa = PBXFileReference; fileEncoding = 4; lastKnownFileType = sourcecode.c.h; name = ORAlbumSyncViewController.h; path = ViewControllers/ORAlbumSyncViewController.h; sourceTree = "<group>"; };
		601C19E815D6CF9B001E4398 /* ORAlbumSyncViewController.m */ = {isa = PBXFileReference; fileEncoding = 4; lastKnownFileType = sourcecode.c.objc; name = ORAlbumSyncViewController.m; path = ViewControllers/ORAlbumSyncViewController.m; sourceTree = "<group>"; };
		601C19F215D6D730001E4398 /* ARFileDownloadOperation.h */ = {isa = PBXFileReference; fileEncoding = 4; lastKnownFileType = sourcecode.c.h; path = ARFileDownloadOperation.h; sourceTree = "<group>"; };
		601C19F315D6D730001E4398 /* ARFileDownloadOperation.m */ = {isa = PBXFileReference; fileEncoding = 4; lastKnownFileType = sourcecode.c.objc; path = ARFileDownloadOperation.m; sourceTree = "<group>"; };
		601C19F615D6D74F001E4398 /* NSFileManager+SkipBackup.h */ = {isa = PBXFileReference; fileEncoding = 4; lastKnownFileType = sourcecode.c.h; path = "NSFileManager+SkipBackup.h"; sourceTree = "<group>"; };
		601C19F715D6D74F001E4398 /* NSFileManager+SkipBackup.m */ = {isa = PBXFileReference; fileEncoding = 4; lastKnownFileType = sourcecode.c.objc; path = "NSFileManager+SkipBackup.m"; sourceTree = "<group>"; };
		601C19F915D6DAEC001E4398 /* NSFileManager+AppDirectories.h */ = {isa = PBXFileReference; fileEncoding = 4; lastKnownFileType = sourcecode.c.h; path = "NSFileManager+AppDirectories.h"; sourceTree = "<group>"; };
		601C19FA15D6DAEC001E4398 /* NSFileManager+AppDirectories.m */ = {isa = PBXFileReference; fileEncoding = 4; lastKnownFileType = sourcecode.c.objc; path = "NSFileManager+AppDirectories.m"; sourceTree = "<group>"; };
		602026BB15D727AE00284FD5 /* NSFileManager+PathHandling.h */ = {isa = PBXFileReference; fileEncoding = 4; lastKnownFileType = sourcecode.c.h; path = "NSFileManager+PathHandling.h"; sourceTree = "<group>"; };
		602026BC15D727AE00284FD5 /* NSFileManager+PathHandling.m */ = {isa = PBXFileReference; fileEncoding = 4; lastKnownFileType = sourcecode.c.objc; path = "NSFileManager+PathHandling.m"; sourceTree = "<group>"; };
		602026BF15D72A0500284FD5 /* ORImageViewCell.h */ = {isa = PBXFileReference; fileEncoding = 4; lastKnownFileType = sourcecode.c.h; name = ORImageViewCell.h; path = Views/ORImageViewCell.h; sourceTree = "<group>"; };
		602026C015D72A0500284FD5 /* ORImageViewCell.m */ = {isa = PBXFileReference; fileEncoding = 4; lastKnownFileType = sourcecode.c.objc; name = ORImageViewCell.m; path = Views/ORImageViewCell.m; sourceTree = "<group>"; };
		602026C215D7384900284FD5 /* ORAlbumViewController.h */ = {isa = PBXFileReference; fileEncoding = 4; lastKnownFileType = sourcecode.c.h; name = ORAlbumViewController.h; path = ViewControllers/ORAlbumViewController.h; sourceTree = "<group>"; };
		602026C315D7384900284FD5 /* ORAlbumViewController.m */ = {isa = PBXFileReference; fileEncoding = 4; lastKnownFileType = sourcecode.c.objc; name = ORAlbumViewController.m; path = ViewControllers/ORAlbumViewController.m; sourceTree = "<group>"; };
		602026F115D74B1700284FD5 /* JDSlideshow.h */ = {isa = PBXFileReference; fileEncoding = 4; lastKnownFileType = sourcecode.c.h; path = JDSlideshow.h; sourceTree = "<group>"; };
		602026F215D74B1700284FD5 /* JDSlideshowController.h */ = {isa = PBXFileReference; fileEncoding = 4; lastKnownFileType = sourcecode.c.h; path = JDSlideshowController.h; sourceTree = "<group>"; };
		602026F315D74B1700284FD5 /* JDSlideshowController.m */ = {isa = PBXFileReference; fileEncoding = 4; lastKnownFileType = sourcecode.c.objc; path = JDSlideshowController.m; sourceTree = "<group>"; };
		602026F415D74B1700284FD5 /* JDSlideshowControllerDelegate.h */ = {isa = PBXFileReference; fileEncoding = 4; lastKnownFileType = sourcecode.c.h; path = JDSlideshowControllerDelegate.h; sourceTree = "<group>"; };
		602026F515D74B1700284FD5 /* JDSlideshowDelegate.h */ = {isa = PBXFileReference; fileEncoding = 4; lastKnownFileType = sourcecode.c.h; path = JDSlideshowDelegate.h; sourceTree = "<group>"; };
		602026F615D74B1700284FD5 /* JDSlideshowView.h */ = {isa = PBXFileReference; fileEncoding = 4; lastKnownFileType = sourcecode.c.h; path = JDSlideshowView.h; sourceTree = "<group>"; };
		602026F715D74B1700284FD5 /* JDSlideshowView.m */ = {isa = PBXFileReference; fileEncoding = 4; lastKnownFileType = sourcecode.c.objc; path = JDSlideshowView.m; sourceTree = "<group>"; };
		602026F815D74B1700284FD5 /* JDSlideshowViewController.h */ = {isa = PBXFileReference; fileEncoding = 4; lastKnownFileType = sourcecode.c.h; path = JDSlideshowViewController.h; sourceTree = "<group>"; };
		602026F915D74B1700284FD5 /* JDSlideshowViewController.m */ = {isa = PBXFileReference; fileEncoding = 4; lastKnownFileType = sourcecode.c.objc; path = JDSlideshowViewController.m; sourceTree = "<group>"; };
		602026FA15D74B1700284FD5 /* JDSlideshowViewDelegate.h */ = {isa = PBXFileReference; fileEncoding = 4; lastKnownFileType = sourcecode.c.h; path = JDSlideshowViewDelegate.h; sourceTree = "<group>"; };
		602026FB15D74B1700284FD5 /* JDSlideView.h */ = {isa = PBXFileReference; fileEncoding = 4; lastKnownFileType = sourcecode.c.h; path = JDSlideView.h; sourceTree = "<group>"; };
		602026FC15D74B1700284FD5 /* JDSlideView.m */ = {isa = PBXFileReference; fileEncoding = 4; lastKnownFileType = sourcecode.c.objc; path = JDSlideView.m; sourceTree = "<group>"; };
		602026FD15D74B1700284FD5 /* JDSlideViewDelegate.h */ = {isa = PBXFileReference; fileEncoding = 4; lastKnownFileType = sourcecode.c.h; path = JDSlideViewDelegate.h; sourceTree = "<group>"; };
		602026FE15D74B1700284FD5 /* leftArrow.png */ = {isa = PBXFileReference; lastKnownFileType = image.png; path = leftArrow.png; sourceTree = "<group>"; };
		602026FF15D74B1700284FD5 /* leftArrow@2x.png */ = {isa = PBXFileReference; lastKnownFileType = image.png; path = "leftArrow@2x.png"; sourceTree = "<group>"; };
		6020270015D74B1700284FD5 /* playButton.png */ = {isa = PBXFileReference; lastKnownFileType = image.png; path = playButton.png; sourceTree = "<group>"; };
		6020270115D74B1700284FD5 /* playButton@2x.png */ = {isa = PBXFileReference; lastKnownFileType = image.png; path = "playButton@2x.png"; sourceTree = "<group>"; };
		6020270215D74B1700284FD5 /* playButtonHighlighted.png */ = {isa = PBXFileReference; lastKnownFileType = image.png; path = playButtonHighlighted.png; sourceTree = "<group>"; };
		6020270315D74B1700284FD5 /* playButtonHighlighted@2x.png */ = {isa = PBXFileReference; lastKnownFileType = image.png; path = "playButtonHighlighted@2x.png"; sourceTree = "<group>"; };
		6020270415D74B1700284FD5 /* rightArrow.png */ = {isa = PBXFileReference; lastKnownFileType = image.png; path = rightArrow.png; sourceTree = "<group>"; };
		6020270515D74B1700284FD5 /* rightArrow@2x.png */ = {isa = PBXFileReference; lastKnownFileType = image.png; path = "rightArrow@2x.png"; sourceTree = "<group>"; };
		6020270615D74B1700284FD5 /* stopIcon.png */ = {isa = PBXFileReference; lastKnownFileType = image.png; path = stopIcon.png; sourceTree = "<group>"; };
		6020270715D74B1700284FD5 /* stopIcon@2x.png */ = {isa = PBXFileReference; lastKnownFileType = image.png; path = "stopIcon@2x.png"; sourceTree = "<group>"; };
		6020271E15D7518200284FD5 /* AVFoundation.framework */ = {isa = PBXFileReference; lastKnownFileType = wrapper.framework; name = AVFoundation.framework; path = System/Library/Frameworks/AVFoundation.framework; sourceTree = SDKROOT; };
		6020272015D751CE00284FD5 /* MediaPlayer.framework */ = {isa = PBXFileReference; lastKnownFileType = wrapper.framework; name = MediaPlayer.framework; path = System/Library/Frameworks/MediaPlayer.framework; sourceTree = SDKROOT; };
		6020272215D751F200284FD5 /* CoreMedia.framework */ = {isa = PBXFileReference; lastKnownFileType = wrapper.framework; name = CoreMedia.framework; path = System/Library/Frameworks/CoreMedia.framework; sourceTree = SDKROOT; };
		60F17DFB15D30BEF0072FA37 /* Melia.app */ = {isa = PBXFileReference; explicitFileType = wrapper.application; includeInIndex = 0; path = Melia.app; sourceTree = BUILT_PRODUCTS_DIR; };
		60F17DFF15D30BEF0072FA37 /* UIKit.framework */ = {isa = PBXFileReference; includeInIndex = 1; lastKnownFileType = wrapper.framework; name = UIKit.framework; path = System/Library/Frameworks/UIKit.framework; sourceTree = SDKROOT; };
		60F17E0115D30BEF0072FA37 /* Foundation.framework */ = {isa = PBXFileReference; includeInIndex = 1; lastKnownFileType = wrapper.framework; name = Foundation.framework; path = System/Library/Frameworks/Foundation.framework; sourceTree = SDKROOT; };
		60F17E0315D30BEF0072FA37 /* CoreGraphics.framework */ = {isa = PBXFileReference; includeInIndex = 1; lastKnownFileType = wrapper.framework; name = CoreGraphics.framework; path = System/Library/Frameworks/CoreGraphics.framework; sourceTree = SDKROOT; };
		60F17E0715D30BEF0072FA37 /* Melia-Info.plist */ = {isa = PBXFileReference; lastKnownFileType = text.plist.xml; path = "Melia-Info.plist"; sourceTree = "<group>"; };
		60F17E0915D30BEF0072FA37 /* en */ = {isa = PBXFileReference; lastKnownFileType = text.plist.strings; name = en; path = en.lproj/InfoPlist.strings; sourceTree = "<group>"; };
		60F17E0B15D30BEF0072FA37 /* main.m */ = {isa = PBXFileReference; lastKnownFileType = sourcecode.c.objc; path = main.m; sourceTree = "<group>"; };
		60F17E0D15D30BEF0072FA37 /* Melia-Prefix.pch */ = {isa = PBXFileReference; lastKnownFileType = sourcecode.c.h; path = "Melia-Prefix.pch"; sourceTree = "<group>"; };
		60F17E0E15D30BEF0072FA37 /* ORAppDelegate.h */ = {isa = PBXFileReference; lastKnownFileType = sourcecode.c.h; path = ORAppDelegate.h; sourceTree = "<group>"; };
		60F17E0F15D30BEF0072FA37 /* ORAppDelegate.m */ = {isa = PBXFileReference; lastKnownFileType = sourcecode.c.objc; path = ORAppDelegate.m; sourceTree = "<group>"; };
		60F17E1215D30BEF0072FA37 /* en */ = {isa = PBXFileReference; lastKnownFileType = file.storyboard; name = en; path = en.lproj/MainStoryboard.storyboard; sourceTree = "<group>"; };
		60F17E1415D30BEF0072FA37 /* ORCollectionViewController.h */ = {isa = PBXFileReference; lastKnownFileType = sourcecode.c.h; path = ORCollectionViewController.h; sourceTree = "<group>"; };
		60F17E1515D30BEF0072FA37 /* ORCollectionViewController.m */ = {isa = PBXFileReference; lastKnownFileType = sourcecode.c.objc; path = ORCollectionViewController.m; sourceTree = "<group>"; };
		60F17E1C15D30DBE0072FA37 /* ORAlbumFinderViewController.h */ = {isa = PBXFileReference; fileEncoding = 4; lastKnownFileType = sourcecode.c.h; name = ORAlbumFinderViewController.h; path = ViewControllers/ORAlbumFinderViewController.h; sourceTree = "<group>"; };
		60F17E1D15D30DBE0072FA37 /* ORAlbumFinderViewController.m */ = {isa = PBXFileReference; fileEncoding = 4; lastKnownFileType = sourcecode.c.objc; name = ORAlbumFinderViewController.m; path = ViewControllers/ORAlbumFinderViewController.m; sourceTree = "<group>"; };
		CB3D300365B94EB8975BC4E1 /* libPods.a */ = {isa = PBXFileReference; explicitFileType = archive.ar; includeInIndex = 0; path = libPods.a; sourceTree = BUILT_PRODUCTS_DIR; };
/* End PBXFileReference section */

/* Begin PBXFrameworksBuildPhase section */
		60F17DF815D30BEF0072FA37 /* Frameworks */ = {
			isa = PBXFrameworksBuildPhase;
			buildActionMask = 2147483647;
			files = (
				6020272315D751F200284FD5 /* CoreMedia.framework in Frameworks */,
				6020272115D751CE00284FD5 /* MediaPlayer.framework in Frameworks */,
				6020271F15D7518200284FD5 /* AVFoundation.framework in Frameworks */,
				60F17E0015D30BEF0072FA37 /* UIKit.framework in Frameworks */,
				60F17E0215D30BEF0072FA37 /* Foundation.framework in Frameworks */,
				60F17E0415D30BEF0072FA37 /* CoreGraphics.framework in Frameworks */,
				5E150CCA63514F45B4686C3E /* libPods.a in Frameworks */,
			);
			runOnlyForDeploymentPostprocessing = 0;
		};
/* End PBXFrameworksBuildPhase section */

/* Begin PBXGroup section */
		601C19F515D6D734001E4398 /* Util */ = {
			isa = PBXGroup;
			children = (
				602026F015D74B1700284FD5 /* JDSlideshow */,
				601C19F915D6DAEC001E4398 /* NSFileManager+AppDirectories.h */,
				601C19FA15D6DAEC001E4398 /* NSFileManager+AppDirectories.m */,
				601C19F615D6D74F001E4398 /* NSFileManager+SkipBackup.h */,
				601C19F715D6D74F001E4398 /* NSFileManager+SkipBackup.m */,
				601C19F215D6D730001E4398 /* ARFileDownloadOperation.h */,
				601C19F315D6D730001E4398 /* ARFileDownloadOperation.m */,
				602026BB15D727AE00284FD5 /* NSFileManager+PathHandling.h */,
				602026BC15D727AE00284FD5 /* NSFileManager+PathHandling.m */,
			);
			name = Util;
			sourceTree = "<group>";
		};
		602026F015D74B1700284FD5 /* JDSlideshow */ = {
			isa = PBXGroup;
			children = (
				602026F115D74B1700284FD5 /* JDSlideshow.h */,
				602026F215D74B1700284FD5 /* JDSlideshowController.h */,
				602026F315D74B1700284FD5 /* JDSlideshowController.m */,
				602026F415D74B1700284FD5 /* JDSlideshowControllerDelegate.h */,
				602026F515D74B1700284FD5 /* JDSlideshowDelegate.h */,
				602026F615D74B1700284FD5 /* JDSlideshowView.h */,
				602026F715D74B1700284FD5 /* JDSlideshowView.m */,
				602026F815D74B1700284FD5 /* JDSlideshowViewController.h */,
				602026F915D74B1700284FD5 /* JDSlideshowViewController.m */,
				602026FA15D74B1700284FD5 /* JDSlideshowViewDelegate.h */,
				602026FB15D74B1700284FD5 /* JDSlideView.h */,
				602026FC15D74B1700284FD5 /* JDSlideView.m */,
				602026FD15D74B1700284FD5 /* JDSlideViewDelegate.h */,
				602026FE15D74B1700284FD5 /* leftArrow.png */,
				602026FF15D74B1700284FD5 /* leftArrow@2x.png */,
				6020270015D74B1700284FD5 /* playButton.png */,
				6020270115D74B1700284FD5 /* playButton@2x.png */,
				6020270215D74B1700284FD5 /* playButtonHighlighted.png */,
				6020270315D74B1700284FD5 /* playButtonHighlighted@2x.png */,
				6020270415D74B1700284FD5 /* rightArrow.png */,
				6020270515D74B1700284FD5 /* rightArrow@2x.png */,
				6020270615D74B1700284FD5 /* stopIcon.png */,
				6020270715D74B1700284FD5 /* stopIcon@2x.png */,
			);
			path = JDSlideshow;
			sourceTree = "<group>";
		};
		60F17DF015D30BEF0072FA37 = {
			isa = PBXGroup;
			children = (
				6020272215D751F200284FD5 /* CoreMedia.framework */,
				6020272015D751CE00284FD5 /* MediaPlayer.framework */,
				6020271E15D7518200284FD5 /* AVFoundation.framework */,
				60F17E0515D30BEF0072FA37 /* Melia */,
				60F17DFE15D30BEF0072FA37 /* Frameworks */,
				60F17DFC15D30BEF0072FA37 /* Products */,
				5A013139B7564C65A11A6AF7 /* Pods.xcconfig */,
			);
			sourceTree = "<group>";
		};
		60F17DFC15D30BEF0072FA37 /* Products */ = {
			isa = PBXGroup;
			children = (
				60F17DFB15D30BEF0072FA37 /* Melia.app */,
			);
			name = Products;
			sourceTree = "<group>";
		};
		60F17DFE15D30BEF0072FA37 /* Frameworks */ = {
			isa = PBXGroup;
			children = (
				60F17DFF15D30BEF0072FA37 /* UIKit.framework */,
				60F17E0115D30BEF0072FA37 /* Foundation.framework */,
				60F17E0315D30BEF0072FA37 /* CoreGraphics.framework */,
				CB3D300365B94EB8975BC4E1 /* libPods.a */,
			);
			name = Frameworks;
			sourceTree = "<group>";
		};
		60F17E0515D30BEF0072FA37 /* Melia */ = {
			isa = PBXGroup;
			children = (
				601C19F515D6D734001E4398 /* Util */,
				60F17E2815D316E00072FA37 /* Views */,
				60F17E2415D313240072FA37 /* Models */,
				60F17E1F15D30DC20072FA37 /* ViewControllers */,
				60F17E0E15D30BEF0072FA37 /* ORAppDelegate.h */,
				60F17E0F15D30BEF0072FA37 /* ORAppDelegate.m */,
				60F17E1115D30BEF0072FA37 /* MainStoryboard.storyboard */,
				60F17E0615D30BEF0072FA37 /* Supporting Files */,
			);
			path = Melia;
			sourceTree = "<group>";
		};
		60F17E0615D30BEF0072FA37 /* Supporting Files */ = {
			isa = PBXGroup;
			children = (
				60F17E0715D30BEF0072FA37 /* Melia-Info.plist */,
				60F17E0815D30BEF0072FA37 /* InfoPlist.strings */,
				60F17E0B15D30BEF0072FA37 /* main.m */,
				60F17E0D15D30BEF0072FA37 /* Melia-Prefix.pch */,
			);
			name = "Supporting Files";
			sourceTree = "<group>";
		};
		60F17E1F15D30DC20072FA37 /* ViewControllers */ = {
			isa = PBXGroup;
			children = (
				60F17E1C15D30DBE0072FA37 /* ORAlbumFinderViewController.h */,
				60F17E1D15D30DBE0072FA37 /* ORAlbumFinderViewController.m */,
				601C19E715D6CF9B001E4398 /* ORAlbumSyncViewController.h */,
				601C19E815D6CF9B001E4398 /* ORAlbumSyncViewController.m */,
				602026C215D7384900284FD5 /* ORAlbumViewController.h */,
				602026C315D7384900284FD5 /* ORAlbumViewController.m */,
				60F17E1415D30BEF0072FA37 /* ORCollectionViewController.h */,
				60F17E1515D30BEF0072FA37 /* ORCollectionViewController.m */,
			);
			name = ViewControllers;
			sourceTree = "<group>";
		};
		60F17E2415D313240072FA37 /* Models */ = {
			isa = PBXGroup;
			children = (
			);
			name = Models;
			sourceTree = "<group>";
		};
		60F17E2815D316E00072FA37 /* Views */ = {
			isa = PBXGroup;
			children = (
				602026BF15D72A0500284FD5 /* ORImageViewCell.h */,
				602026C015D72A0500284FD5 /* ORImageViewCell.m */,
			);
			name = Views;
			sourceTree = "<group>";
		};
/* End PBXGroup section */

/* Begin PBXNativeTarget section */
		60F17DFA15D30BEF0072FA37 /* Melia */ = {
			isa = PBXNativeTarget;
			buildConfigurationList = 60F17E1915D30BEF0072FA37 /* Build configuration list for PBXNativeTarget "Melia" */;
			buildPhases = (
				60F17DF715D30BEF0072FA37 /* Sources */,
				60F17DF815D30BEF0072FA37 /* Frameworks */,
				60F17DF915D30BEF0072FA37 /* Resources */,
				D757264C299C45C4A34800B0 /* Copy Pods Resources */,
			);
			buildRules = (
			);
			dependencies = (
			);
			name = Melia;
			productName = Melia;
			productReference = 60F17DFB15D30BEF0072FA37 /* Melia.app */;
			productType = "com.apple.product-type.application";
		};
/* End PBXNativeTarget section */

/* Begin PBXProject section */
		60F17DF215D30BEF0072FA37 /* Project object */ = {
			isa = PBXProject;
			attributes = {
				CLASSPREFIX = OR;
				LastUpgradeCheck = 0450;
				ORGANIZATIONNAME = "orta therox";
			};
			buildConfigurationList = 60F17DF515D30BEF0072FA37 /* Build configuration list for PBXProject "Melia" */;
			compatibilityVersion = "Xcode 3.2";
			developmentRegion = English;
			hasScannedForEncodings = 0;
			knownRegions = (
				en,
			);
			mainGroup = 60F17DF015D30BEF0072FA37;
			productRefGroup = 60F17DFC15D30BEF0072FA37 /* Products */;
			projectDirPath = "";
			projectRoot = "";
			targets = (
				60F17DFA15D30BEF0072FA37 /* Melia */,
			);
		};
/* End PBXProject section */

/* Begin PBXResourcesBuildPhase section */
		60F17DF915D30BEF0072FA37 /* Resources */ = {
			isa = PBXResourcesBuildPhase;
			buildActionMask = 2147483647;
			files = (
				60F17E0A15D30BEF0072FA37 /* InfoPlist.strings in Resources */,
				60F17E1315D30BEF0072FA37 /* MainStoryboard.storyboard in Resources */,
				6020270C15D74B1700284FD5 /* leftArrow.png in Resources */,
				6020270D15D74B1700284FD5 /* leftArrow@2x.png in Resources */,
				6020270E15D74B1700284FD5 /* playButton.png in Resources */,
				6020270F15D74B1700284FD5 /* playButton@2x.png in Resources */,
				6020271015D74B1700284FD5 /* playButtonHighlighted.png in Resources */,
				6020271115D74B1700284FD5 /* playButtonHighlighted@2x.png in Resources */,
				6020271215D74B1700284FD5 /* rightArrow.png in Resources */,
				6020271315D74B1700284FD5 /* rightArrow@2x.png in Resources */,
				6020271415D74B1700284FD5 /* stopIcon.png in Resources */,
				6020271515D74B1700284FD5 /* stopIcon@2x.png in Resources */,
			);
			runOnlyForDeploymentPostprocessing = 0;
		};
/* End PBXResourcesBuildPhase section */

/* Begin PBXShellScriptBuildPhase section */
		D757264C299C45C4A34800B0 /* Copy Pods Resources */ = {
			isa = PBXShellScriptBuildPhase;
			buildActionMask = 2147483647;
			files = (
			);
			inputPaths = (
			);
			name = "Copy Pods Resources";
			outputPaths = (
			);
			runOnlyForDeploymentPostprocessing = 0;
			shellPath = /bin/sh;
			shellScript = "\"${SRCROOT}/Pods/Pods-resources.sh\"\n";
		};
/* End PBXShellScriptBuildPhase section */

/* Begin PBXSourcesBuildPhase section */
		60F17DF715D30BEF0072FA37 /* Sources */ = {
			isa = PBXSourcesBuildPhase;
			buildActionMask = 2147483647;
			files = (
				60F17E0C15D30BEF0072FA37 /* main.m in Sources */,
				60F17E1015D30BEF0072FA37 /* ORAppDelegate.m in Sources */,
				60F17E1615D30BEF0072FA37 /* ORCollectionViewController.m in Sources */,
				60F17E1E15D30DBE0072FA37 /* ORAlbumFinderViewController.m in Sources */,
				601C19E915D6CF9B001E4398 /* ORAlbumSyncViewController.m in Sources */,
				601C19F415D6D730001E4398 /* ARFileDownloadOperation.m in Sources */,
				601C19F815D6D74F001E4398 /* NSFileManager+SkipBackup.m in Sources */,
				601C19FB15D6DAEC001E4398 /* NSFileManager+AppDirectories.m in Sources */,
				602026BD15D727AE00284FD5 /* NSFileManager+PathHandling.m in Sources */,
				602026C115D72A0500284FD5 /* ORImageViewCell.m in Sources */,
				602026C415D7384900284FD5 /* ORAlbumViewController.m in Sources */,
				6020270815D74B1700284FD5 /* JDSlideshowController.m in Sources */,
				6020270915D74B1700284FD5 /* JDSlideshowView.m in Sources */,
				6020270A15D74B1700284FD5 /* JDSlideshowViewController.m in Sources */,
				6020270B15D74B1700284FD5 /* JDSlideView.m in Sources */,
			);
			runOnlyForDeploymentPostprocessing = 0;
		};
/* End PBXSourcesBuildPhase section */

/* Begin PBXVariantGroup section */
		60F17E0815D30BEF0072FA37 /* InfoPlist.strings */ = {
			isa = PBXVariantGroup;
			children = (
				60F17E0915D30BEF0072FA37 /* en */,
			);
			name = InfoPlist.strings;
			sourceTree = "<group>";
		};
		60F17E1115D30BEF0072FA37 /* MainStoryboard.storyboard */ = {
			isa = PBXVariantGroup;
			children = (
				60F17E1215D30BEF0072FA37 /* en */,
			);
			name = MainStoryboard.storyboard;
			sourceTree = "<group>";
		};
/* End PBXVariantGroup section */

/* Begin XCBuildConfiguration section */
		60F17E1715D30BEF0072FA37 /* Debug */ = {
			isa = XCBuildConfiguration;
			buildSettings = {
				ALWAYS_SEARCH_USER_PATHS = NO;
				CLANG_CXX_LANGUAGE_STANDARD = "gnu++0x";
				CLANG_CXX_LIBRARY = "libc++";
				CLANG_ENABLE_OBJC_ARC = YES;
				CLANG_WARN__DUPLICATE_METHOD_MATCH = YES;
				"CODE_SIGN_IDENTITY[sdk=iphoneos*]" = "iPhone Developer";
				COPY_PHASE_STRIP = NO;
				GCC_C_LANGUAGE_STANDARD = gnu99;
				GCC_DYNAMIC_NO_PIC = NO;
				GCC_OPTIMIZATION_LEVEL = 0;
				GCC_PREPROCESSOR_DEFINITIONS = (
					"DEBUG=1",
					"$(inherited)",
				);
				GCC_SYMBOLS_PRIVATE_EXTERN = NO;
				GCC_WARN_ABOUT_RETURN_TYPE = YES;
				GCC_WARN_UNINITIALIZED_AUTOS = YES;
				GCC_WARN_UNUSED_VARIABLE = YES;
				IPHONEOS_DEPLOYMENT_TARGET = 6.0;
				SDKROOT = iphoneos;
				TARGETED_DEVICE_FAMILY = 2;
			};
			name = Debug;
		};
		60F17E1815D30BEF0072FA37 /* Release */ = {
			isa = XCBuildConfiguration;
			buildSettings = {
				ALWAYS_SEARCH_USER_PATHS = NO;
				CLANG_CXX_LANGUAGE_STANDARD = "gnu++0x";
				CLANG_CXX_LIBRARY = "libc++";
				CLANG_ENABLE_OBJC_ARC = YES;
				CLANG_WARN__DUPLICATE_METHOD_MATCH = YES;
				"CODE_SIGN_IDENTITY[sdk=iphoneos*]" = "iPhone Developer";
				COPY_PHASE_STRIP = YES;
				GCC_C_LANGUAGE_STANDARD = gnu99;
				GCC_WARN_ABOUT_RETURN_TYPE = YES;
				GCC_WARN_UNINITIALIZED_AUTOS = YES;
				GCC_WARN_UNUSED_VARIABLE = YES;
				IPHONEOS_DEPLOYMENT_TARGET = 6.0;
				OTHER_CFLAGS = "-DNS_BLOCK_ASSERTIONS=1";
				SDKROOT = iphoneos;
				TARGETED_DEVICE_FAMILY = 2;
				VALIDATE_PRODUCT = YES;
			};
			name = Release;
		};
		60F17E1A15D30BEF0072FA37 /* Debug */ = {
			isa = XCBuildConfiguration;
			baseConfigurationReference = 5A013139B7564C65A11A6AF7 /* Pods.xcconfig */;
			buildSettings = {
				GCC_PRECOMPILE_PREFIX_HEADER = YES;
				GCC_PREFIX_HEADER = "Melia/Melia-Prefix.pch";
				INFOPLIST_FILE = "Melia/Melia-Info.plist";
				IPHONEOS_DEPLOYMENT_TARGET = 5.0;
				LIBRARY_SEARCH_PATHS = (
					"$(inherited)",
					"\"$(SRCROOT)/Melia\"",
				);
				PRODUCT_NAME = "$(TARGET_NAME)";
				WRAPPER_EXTENSION = app;
			};
			name = Debug;
		};
		60F17E1B15D30BEF0072FA37 /* Release */ = {
			isa = XCBuildConfiguration;
			baseConfigurationReference = 5A013139B7564C65A11A6AF7 /* Pods.xcconfig */;
			buildSettings = {
				GCC_PRECOMPILE_PREFIX_HEADER = YES;
				GCC_PREFIX_HEADER = "Melia/Melia-Prefix.pch";
				INFOPLIST_FILE = "Melia/Melia-Info.plist";
				IPHONEOS_DEPLOYMENT_TARGET = 5.0;
				LIBRARY_SEARCH_PATHS = (
					"$(inherited)",
					"\"$(SRCROOT)/Melia\"",
				);
				PRODUCT_NAME = "$(TARGET_NAME)";
				WRAPPER_EXTENSION = app;
			};
			name = Release;
		};
/* End XCBuildConfiguration section */

/* Begin XCConfigurationList section */
		60F17DF515D30BEF0072FA37 /* Build configuration list for PBXProject "Melia" */ = {
			isa = XCConfigurationList;
			buildConfigurations = (
				60F17E1715D30BEF0072FA37 /* Debug */,
				60F17E1815D30BEF0072FA37 /* Release */,
			);
			defaultConfigurationIsVisible = 0;
			defaultConfigurationName = Release;
		};
		60F17E1915D30BEF0072FA37 /* Build configuration list for PBXNativeTarget "Melia" */ = {
			isa = XCConfigurationList;
			buildConfigurations = (
				60F17E1A15D30BEF0072FA37 /* Debug */,
				60F17E1B15D30BEF0072FA37 /* Release */,
			);
			defaultConfigurationIsVisible = 0;
			defaultConfigurationName = Release;
		};
/* End XCConfigurationList section */
	};
	rootObject = 60F17DF215D30BEF0072FA37 /* Project object */;
}
