// !$*UTF8*$!
{
	archiveVersion = 1;
	classes = {
	};
	objectVersion = 46;
	objects = {

/* Begin PBXBuildFile section */
		5E150CCA63514F45B4686C3E /* libPods.a in Frameworks */ = {isa = PBXBuildFile; fileRef = CB3D300365B94EB8975BC4E1 /* libPods.a */; };
		601C19E915D6CF9B001E4398 /* ORAlbumSyncViewController.m in Sources */ = {isa = PBXBuildFile; fileRef = 601C19E815D6CF9B001E4398 /* ORAlbumSyncViewController.m */; };
		601C19F415D6D730001E4398 /* ARFileDownloadOperation.m in Sources */ = {isa = PBXBuildFile; fileRef = 601C19F315D6D730001E4398 /* ARFileDownloadOperation.m */; };
		601C19F815D6D74F001E4398 /* NSFileManager+SkipBackup.m in Sources */ = {isa = PBXBuildFile; fileRef = 601C19F715D6D74F001E4398 /* NSFileManager+SkipBackup.m */; };
		602026BD15D727AE00284FD5 /* NSFileManager+PathHandling.m in Sources */ = {isa = PBXBuildFile; fileRef = 602026BC15D727AE00284FD5 /* NSFileManager+PathHandling.m */; };
		602026C115D72A0500284FD5 /* ORImageViewCell.m in Sources */ = {isa = PBXBuildFile; fileRef = 602026C015D72A0500284FD5 /* ORImageViewCell.m */; };
		602026C415D7384900284FD5 /* ORAlbumViewController.m in Sources */ = {isa = PBXBuildFile; fileRef = 602026C315D7384900284FD5 /* ORAlbumViewController.m */; };
		6020270815D74B1700284FD5 /* JDSlideshowController.m in Sources */ = {isa = PBXBuildFile; fileRef = 602026F315D74B1700284FD5 /* JDSlideshowController.m */; };
		6020270915D74B1700284FD5 /* JDSlideshowView.m in Sources */ = {isa = PBXBuildFile; fileRef = 602026F715D74B1700284FD5 /* JDSlideshowView.m */; };
		6020270A15D74B1700284FD5 /* JDSlideshowViewController.m in Sources */ = {isa = PBXBuildFile; fileRef = 602026F915D74B1700284FD5 /* JDSlideshowViewController.m */; };
		6020270B15D74B1700284FD5 /* JDSlideView.m in Sources */ = {isa = PBXBuildFile; fileRef = 602026FC15D74B1700284FD5 /* JDSlideView.m */; };
		6020270C15D74B1700284FD5 /* leftArrow.png in Resources */ = {isa = PBXBuildFile; fileRef = 602026FE15D74B1700284FD5 /* leftArrow.png */; };
		6020270D15D74B1700284FD5 /* leftArrow@2x.png in Resources */ = {isa = PBXBuildFile; fileRef = 602026FF15D74B1700284FD5 /* leftArrow@2x.png */; };
		6020270E15D74B1700284FD5 /* playButton.png in Resources */ = {isa = PBXBuildFile; fileRef = 6020270015D74B1700284FD5 /* playButton.png */; };
		6020270F15D74B1700284FD5 /* playButton@2x.png in Resources */ = {isa = PBXBuildFile; fileRef = 6020270115D74B1700284FD5 /* playButton@2x.png */; };
		6020271015D74B1700284FD5 /* playButtonHighlighted.png in Resources */ = {isa = PBXBuildFile; fileRef = 6020270215D74B1700284FD5 /* playButtonHighlighted.png */; };
		6020271115D74B1700284FD5 /* playButtonHighlighted@2x.png in Resources */ = {isa = PBXBuildFile; fileRef = 6020270315D74B1700284FD5 /* playButtonHighlighted@2x.png */; };
		6020271215D74B1700284FD5 /* rightArrow.png in Resources */ = {isa = PBXBuildFile; fileRef = 6020270415D74B1700284FD5 /* rightArrow.png */; };
		6020271315D74B1700284FD5 /* rightArrow@2x.png in Resources */ = {isa = PBXBuildFile; fileRef = 6020270515D74B1700284FD5 /* rightArrow@2x.png */; };
		6020271415D74B1700284FD5 /* stopIcon.png in Resources */ = {isa = PBXBuildFile; fileRef = 6020270615D74B1700284FD5 /* stopIcon.png */; };
		6020271515D74B1700284FD5 /* stopIcon@2x.png in Resources */ = {isa = PBXBuildFile; fileRef = 6020270715D74B1700284FD5 /* stopIcon@2x.png */; };
		6020271F15D7518200284FD5 /* AVFoundation.framework in Frameworks */ = {isa = PBXBuildFile; fileRef = 6020271E15D7518200284FD5 /* AVFoundation.framework */; };
		6020272115D751CE00284FD5 /* MediaPlayer.framework in Frameworks */ = {isa = PBXBuildFile; fileRef = 6020272015D751CE00284FD5 /* MediaPlayer.framework */; };
		6020272315D751F200284FD5 /* CoreMedia.framework in Frameworks */ = {isa = PBXBuildFile; fileRef = 6020272215D751F200284FD5 /* CoreMedia.framework */; };
		6020272E15D7B3A300284FD5 /* ORThumbnailOperation.m in Sources */ = {isa = PBXBuildFile; fileRef = 6020272D15D7B3A200284FD5 /* ORThumbnailOperation.m */; };
		6058DB7115DD839700D35A13 /* TiledBackground.png in Resources */ = {isa = PBXBuildFile; fileRef = 6058DB7015DD839700D35A13 /* TiledBackground.png */; };
		6058DB7A15DD8BEB00D35A13 /* ORPhotoViewController.m in Sources */ = {isa = PBXBuildFile; fileRef = 6058DB7915DD8BEA00D35A13 /* ORPhotoViewController.m */; };
		6058DBBC15DD8CBB00D35A13 /* button_add_press.png in Resources */ = {isa = PBXBuildFile; fileRef = 6058DB7D15DD8CBB00D35A13 /* button_add_press.png */; };
		6058DBBD15DD8CBB00D35A13 /* button_add_up.png in Resources */ = {isa = PBXBuildFile; fileRef = 6058DB7E15DD8CBB00D35A13 /* button_add_up.png */; };
		6058DBBE15DD8CBB00D35A13 /* button_black.png in Resources */ = {isa = PBXBuildFile; fileRef = 6058DB7F15DD8CBB00D35A13 /* button_black.png */; };
		6058DBBF15DD8CBB00D35A13 /* button_blue.png in Resources */ = {isa = PBXBuildFile; fileRef = 6058DB8015DD8CBB00D35A13 /* button_blue.png */; };
		6058DBC015DD8CBB00D35A13 /* button_green.png in Resources */ = {isa = PBXBuildFile; fileRef = 6058DB8115DD8CBB00D35A13 /* button_green.png */; };
		6058DBC115DD8CBB00D35A13 /* button_green_big_press.png in Resources */ = {isa = PBXBuildFile; fileRef = 6058DB8215DD8CBB00D35A13 /* button_green_big_press.png */; };
		6058DBC215DD8CBB00D35A13 /* button_green_big_up.png in Resources */ = {isa = PBXBuildFile; fileRef = 6058DB8315DD8CBB00D35A13 /* button_green_big_up.png */; };
		6058DBC315DD8CBB00D35A13 /* button_green_small_press.png in Resources */ = {isa = PBXBuildFile; fileRef = 6058DB8415DD8CBB00D35A13 /* button_green_small_press.png */; };
		6058DBC415DD8CBB00D35A13 /* button_green_small_up.png in Resources */ = {isa = PBXBuildFile; fileRef = 6058DB8515DD8CBB00D35A13 /* button_green_small_up.png */; };
		6058DBC515DD8CBB00D35A13 /* cards_all.png in Resources */ = {isa = PBXBuildFile; fileRef = 6058DB8615DD8CBB00D35A13 /* cards_all.png */; };
		6058DBC615DD8CBB00D35A13 /* cards_americanexpress.png in Resources */ = {isa = PBXBuildFile; fileRef = 6058DB8715DD8CBB00D35A13 /* cards_americanexpress.png */; };
		6058DBC715DD8CBB00D35A13 /* cards_americanexpress_s.png in Resources */ = {isa = PBXBuildFile; fileRef = 6058DB8815DD8CBB00D35A13 /* cards_americanexpress_s.png */; };
		6058DBC815DD8CBB00D35A13 /* cards_diners.png in Resources */ = {isa = PBXBuildFile; fileRef = 6058DB8915DD8CBB00D35A13 /* cards_diners.png */; };
		6058DBC915DD8CBB00D35A13 /* cards_diners_s.png in Resources */ = {isa = PBXBuildFile; fileRef = 6058DB8A15DD8CBB00D35A13 /* cards_diners_s.png */; };
		6058DBCA15DD8CBB00D35A13 /* cards_discover.png in Resources */ = {isa = PBXBuildFile; fileRef = 6058DB8B15DD8CBB00D35A13 /* cards_discover.png */; };
		6058DBCB15DD8CBB00D35A13 /* cards_discover_s.png in Resources */ = {isa = PBXBuildFile; fileRef = 6058DB8C15DD8CBB00D35A13 /* cards_discover_s.png */; };
		6058DBCC15DD8CBB00D35A13 /* cards_isracard_s.png in Resources */ = {isa = PBXBuildFile; fileRef = 6058DB8D15DD8CBB00D35A13 /* cards_isracard_s.png */; };
		6058DBCD15DD8CBB00D35A13 /* cards_jcb.png in Resources */ = {isa = PBXBuildFile; fileRef = 6058DB8E15DD8CBB00D35A13 /* cards_jcb.png */; };
		6058DBCE15DD8CBB00D35A13 /* cards_jcb_s.png in Resources */ = {isa = PBXBuildFile; fileRef = 6058DB8F15DD8CBB00D35A13 /* cards_jcb_s.png */; };
		6058DBCF15DD8CBB00D35A13 /* cards_leumimastercard.png in Resources */ = {isa = PBXBuildFile; fileRef = 6058DB9015DD8CBB00D35A13 /* cards_leumimastercard.png */; };
		6058DBD015DD8CBB00D35A13 /* cards_leumivisa.png in Resources */ = {isa = PBXBuildFile; fileRef = 6058DB9115DD8CBB00D35A13 /* cards_leumivisa.png */; };
		6058DBD115DD8CBB00D35A13 /* cards_mastercard.png in Resources */ = {isa = PBXBuildFile; fileRef = 6058DB9215DD8CBB00D35A13 /* cards_mastercard.png */; };
		6058DBD215DD8CBB00D35A13 /* cards_mastercard_s.png in Resources */ = {isa = PBXBuildFile; fileRef = 6058DB9315DD8CBB00D35A13 /* cards_mastercard_s.png */; };
		6058DBD315DD8CBB00D35A13 /* cards_paypal.png in Resources */ = {isa = PBXBuildFile; fileRef = 6058DB9415DD8CBB00D35A13 /* cards_paypal.png */; };
		6058DBD415DD8CBB00D35A13 /* cards_paypal_s.png in Resources */ = {isa = PBXBuildFile; fileRef = 6058DB9515DD8CBB00D35A13 /* cards_paypal_s.png */; };
		6058DBD515DD8CBB00D35A13 /* cards_visa.png in Resources */ = {isa = PBXBuildFile; fileRef = 6058DB9615DD8CBB00D35A13 /* cards_visa.png */; };
		6058DBD615DD8CBB00D35A13 /* cards_visa_s.png in Resources */ = {isa = PBXBuildFile; fileRef = 6058DB9715DD8CBB00D35A13 /* cards_visa_s.png */; };
		6058DBD715DD8CBB00D35A13 /* checkbox_checked.png in Resources */ = {isa = PBXBuildFile; fileRef = 6058DB9815DD8CBB00D35A13 /* checkbox_checked.png */; };
		6058DBD815DD8CBB00D35A13 /* checkbox_unchecked.png in Resources */ = {isa = PBXBuildFile; fileRef = 6058DB9915DD8CBB00D35A13 /* checkbox_unchecked.png */; };
		6058DBD915DD8CBB00D35A13 /* cvv_americanexpress.png in Resources */ = {isa = PBXBuildFile; fileRef = 6058DB9A15DD8CBB00D35A13 /* cvv_americanexpress.png */; };
		6058DBDA15DD8CBB00D35A13 /* cvv_mastercard.png in Resources */ = {isa = PBXBuildFile; fileRef = 6058DB9B15DD8CBB00D35A13 /* cvv_mastercard.png */; };
		6058DBDB15DD8CBB00D35A13 /* cvv_other.png in Resources */ = {isa = PBXBuildFile; fileRef = 6058DB9C15DD8CBB00D35A13 /* cvv_other.png */; };
		6058DBDC15DD8CBB00D35A13 /* cvv_visa.png in Resources */ = {isa = PBXBuildFile; fileRef = 6058DB9D15DD8CBB00D35A13 /* cvv_visa.png */; };
		6058DBDD15DD8CBB00D35A13 /* icon_card.png in Resources */ = {isa = PBXBuildFile; fileRef = 6058DB9E15DD8CBB00D35A13 /* icon_card.png */; };
		6058DBDE15DD8CBB00D35A13 /* icon_info.png in Resources */ = {isa = PBXBuildFile; fileRef = 6058DB9F15DD8CBB00D35A13 /* icon_info.png */; };
		6058DBDF15DD8CBB00D35A13 /* icon_V.png in Resources */ = {isa = PBXBuildFile; fileRef = 6058DBA015DD8CBB00D35A13 /* icon_V.png */; };
		6058DBE015DD8CBB00D35A13 /* lock_small.png in Resources */ = {isa = PBXBuildFile; fileRef = 6058DBA115DD8CBB00D35A13 /* lock_small.png */; };
		6058DBE115DD8CBB00D35A13 /* logo_big.png in Resources */ = {isa = PBXBuildFile; fileRef = 6058DBA215DD8CBB00D35A13 /* logo_big.png */; };
		6058DBE215DD8CBB00D35A13 /* logo_small.png in Resources */ = {isa = PBXBuildFile; fileRef = 6058DBA315DD8CBB00D35A13 /* logo_small.png */; };
		6058DBE315DD8CBB00D35A13 /* sandbox.png in Resources */ = {isa = PBXBuildFile; fileRef = 6058DBA415DD8CBB00D35A13 /* sandbox.png */; };
		6058DBE415DD8CBB00D35A13 /* seal.png in Resources */ = {isa = PBXBuildFile; fileRef = 6058DBA515DD8CBB00D35A13 /* seal.png */; };
		6058DBE515DD8CBB00D35A13 /* security_button_press.png in Resources */ = {isa = PBXBuildFile; fileRef = 6058DBA615DD8CBB00D35A13 /* security_button_press.png */; };
		6058DBE615DD8CBB00D35A13 /* security_button_up.png in Resources */ = {isa = PBXBuildFile; fileRef = 6058DBA715DD8CBB00D35A13 /* security_button_up.png */; };
		6058DBE715DD8CBB00D35A13 /* security_icon_arow_press.png in Resources */ = {isa = PBXBuildFile; fileRef = 6058DBA815DD8CBB00D35A13 /* security_icon_arow_press.png */; };
		6058DBE815DD8CBB00D35A13 /* security_icon_arow_up.png in Resources */ = {isa = PBXBuildFile; fileRef = 6058DBA915DD8CBB00D35A13 /* security_icon_arow_up.png */; };
		6058DBE915DD8CBB00D35A13 /* security_icon_fingerprint_press.png in Resources */ = {isa = PBXBuildFile; fileRef = 6058DBAA15DD8CBB00D35A13 /* security_icon_fingerprint_press.png */; };
		6058DBEA15DD8CBB00D35A13 /* security_icon_fingerprint_up.png in Resources */ = {isa = PBXBuildFile; fileRef = 6058DBAB15DD8CBB00D35A13 /* security_icon_fingerprint_up.png */; };
		6058DBEB15DD8CBB00D35A13 /* texbox.png in Resources */ = {isa = PBXBuildFile; fileRef = 6058DBAC15DD8CBB00D35A13 /* texbox.png */; };
		6058DBEC15DD8CBB00D35A13 /* topHeader.png in Resources */ = {isa = PBXBuildFile; fileRef = 6058DBAD15DD8CBB00D35A13 /* topHeader.png */; };
		6058DBED15DD8CBB00D35A13 /* ZooZCardSelection.nib in Resources */ = {isa = PBXBuildFile; fileRef = 6058DBAE15DD8CBB00D35A13 /* ZooZCardSelection.nib */; };
		6058DBEE15DD8CBB00D35A13 /* ZooZCardSelection_ipad.nib in Resources */ = {isa = PBXBuildFile; fileRef = 6058DBAF15DD8CBB00D35A13 /* ZooZCardSelection_ipad.nib */; };
		6058DBEF15DD8CBB00D35A13 /* ZooZEndPayment.nib in Resources */ = {isa = PBXBuildFile; fileRef = 6058DBB015DD8CBB00D35A13 /* ZooZEndPayment.nib */; };
		6058DBF015DD8CBB00D35A13 /* ZooZEndPayment_ipad.nib in Resources */ = {isa = PBXBuildFile; fileRef = 6058DBB115DD8CBB00D35A13 /* ZooZEndPayment_ipad.nib */; };
		6058DBF115DD8CBB00D35A13 /* ZooZGenWebController.nib in Resources */ = {isa = PBXBuildFile; fileRef = 6058DBB215DD8CBB00D35A13 /* ZooZGenWebController.nib */; };
		6058DBF215DD8CBB00D35A13 /* ZooZGenWebController_ipad.nib in Resources */ = {isa = PBXBuildFile; fileRef = 6058DBB315DD8CBB00D35A13 /* ZooZGenWebController_ipad.nib */; };
		6058DBF315DD8CBB00D35A13 /* zoozi18n.bundle in Resources */ = {isa = PBXBuildFile; fileRef = 6058DBB415DD8CBB00D35A13 /* zoozi18n.bundle */; };
		6058DBF415DD8CBB00D35A13 /* ZooZNewCardController.nib in Resources */ = {isa = PBXBuildFile; fileRef = 6058DBB515DD8CBB00D35A13 /* ZooZNewCardController.nib */; };
		6058DBF515DD8CBB00D35A13 /* ZooZNewCardController_ipad.nib in Resources */ = {isa = PBXBuildFile; fileRef = 6058DBB615DD8CBB00D35A13 /* ZooZNewCardController_ipad.nib */; };
		6058DBF615DD8CBB00D35A13 /* ZooZPasscodeSave.nib in Resources */ = {isa = PBXBuildFile; fileRef = 6058DBB715DD8CBB00D35A13 /* ZooZPasscodeSave.nib */; };
		6058DBF715DD8CBB00D35A13 /* ZooZPassCodeSave_ipad.nib in Resources */ = {isa = PBXBuildFile; fileRef = 6058DBB815DD8CBB00D35A13 /* ZooZPassCodeSave_ipad.nib */; };
		6058DBF815DD8CBB00D35A13 /* ZooZPasscodeVerify.nib in Resources */ = {isa = PBXBuildFile; fileRef = 6058DBB915DD8CBB00D35A13 /* ZooZPasscodeVerify.nib */; };
		6058DBF915DD8CBB00D35A13 /* ZooZPasscodeVerify_ipad.nib in Resources */ = {isa = PBXBuildFile; fileRef = 6058DBBA15DD8CBB00D35A13 /* ZooZPasscodeVerify_ipad.nib */; };
		6058DBFA15DD8CBB00D35A13 /* ZooZSDK.framework in Frameworks */ = {isa = PBXBuildFile; fileRef = 6058DBBB15DD8CBB00D35A13 /* ZooZSDK.framework */; };
		6058DBFC15DD8D1700D35A13 /* QuartzCore.framework in Frameworks */ = {isa = PBXBuildFile; fileRef = 6058DBFB15DD8D1400D35A13 /* QuartzCore.framework */; };
		6058DBFE15DD8D2E00D35A13 /* Security.framework in Frameworks */ = {isa = PBXBuildFile; fileRef = 6058DBFD15DD8D2B00D35A13 /* Security.framework */; };
		6058DC0115DD8D3C00D35A13 /* libxml2.dylib in Frameworks */ = {isa = PBXBuildFile; fileRef = 6058DBFF15DD8D3700D35A13 /* libxml2.dylib */; };
		6058DC0215DD8D3C00D35A13 /* libz.dylib in Frameworks */ = {isa = PBXBuildFile; fileRef = 6058DC0015DD8D3900D35A13 /* libz.dylib */; };
		60A6749115D7FB6A009D23B4 /* MeliaIcon144.png in Resources */ = {isa = PBXBuildFile; fileRef = 60A6749015D7FB6A009D23B4 /* MeliaIcon144.png */; };
		60A6749315D7FB8B009D23B4 /* MeliaIcon72.png in Resources */ = {isa = PBXBuildFile; fileRef = 60A6749215D7FB8B009D23B4 /* MeliaIcon72.png */; };
		60F17E0015D30BEF0072FA37 /* UIKit.framework in Frameworks */ = {isa = PBXBuildFile; fileRef = 60F17DFF15D30BEF0072FA37 /* UIKit.framework */; };
		60F17E0215D30BEF0072FA37 /* Foundation.framework in Frameworks */ = {isa = PBXBuildFile; fileRef = 60F17E0115D30BEF0072FA37 /* Foundation.framework */; };
		60F17E0415D30BEF0072FA37 /* CoreGraphics.framework in Frameworks */ = {isa = PBXBuildFile; fileRef = 60F17E0315D30BEF0072FA37 /* CoreGraphics.framework */; };
		60F17E0A15D30BEF0072FA37 /* InfoPlist.strings in Resources */ = {isa = PBXBuildFile; fileRef = 60F17E0815D30BEF0072FA37 /* InfoPlist.strings */; };
		60F17E0C15D30BEF0072FA37 /* main.m in Sources */ = {isa = PBXBuildFile; fileRef = 60F17E0B15D30BEF0072FA37 /* main.m */; };
		60F17E1015D30BEF0072FA37 /* ORAppDelegate.m in Sources */ = {isa = PBXBuildFile; fileRef = 60F17E0F15D30BEF0072FA37 /* ORAppDelegate.m */; };
		60F17E1315D30BEF0072FA37 /* MainStoryboard.storyboard in Resources */ = {isa = PBXBuildFile; fileRef = 60F17E1115D30BEF0072FA37 /* MainStoryboard.storyboard */; };
		60F17E1615D30BEF0072FA37 /* ORCollectionViewController.m in Sources */ = {isa = PBXBuildFile; fileRef = 60F17E1515D30BEF0072FA37 /* ORCollectionViewController.m */; };
		60F17E1E15D30DBE0072FA37 /* ORAlbumFinderViewController.m in Sources */ = {isa = PBXBuildFile; fileRef = 60F17E1D15D30DBE0072FA37 /* ORAlbumFinderViewController.m */; };
/* End PBXBuildFile section */

/* Begin PBXFileReference section */
		5A013139B7564C65A11A6AF7 /* Pods.xcconfig */ = {isa = PBXFileReference; includeInIndex = 1; lastKnownFileType = text.xcconfig; name = Pods.xcconfig; path = Pods/Pods.xcconfig; sourceTree = SOURCE_ROOT; };
		601C19E715D6CF9B001E4398 /* ORAlbumSyncViewController.h */ = {isa = PBXFileReference; fileEncoding = 4; lastKnownFileType = sourcecode.c.h; name = ORAlbumSyncViewController.h; path = ViewControllers/ORAlbumSyncViewController.h; sourceTree = "<group>"; };
		601C19E815D6CF9B001E4398 /* ORAlbumSyncViewController.m */ = {isa = PBXFileReference; fileEncoding = 4; lastKnownFileType = sourcecode.c.objc; name = ORAlbumSyncViewController.m; path = ViewControllers/ORAlbumSyncViewController.m; sourceTree = "<group>"; };
		601C19F215D6D730001E4398 /* ARFileDownloadOperation.h */ = {isa = PBXFileReference; fileEncoding = 4; lastKnownFileType = sourcecode.c.h; path = ARFileDownloadOperation.h; sourceTree = "<group>"; };
		601C19F315D6D730001E4398 /* ARFileDownloadOperation.m */ = {isa = PBXFileReference; fileEncoding = 4; lastKnownFileType = sourcecode.c.objc; path = ARFileDownloadOperation.m; sourceTree = "<group>"; };
		601C19F615D6D74F001E4398 /* NSFileManager+SkipBackup.h */ = {isa = PBXFileReference; fileEncoding = 4; lastKnownFileType = sourcecode.c.h; path = "NSFileManager+SkipBackup.h"; sourceTree = "<group>"; };
		601C19F715D6D74F001E4398 /* NSFileManager+SkipBackup.m */ = {isa = PBXFileReference; fileEncoding = 4; lastKnownFileType = sourcecode.c.objc; path = "NSFileManager+SkipBackup.m"; sourceTree = "<group>"; };
		602026BB15D727AE00284FD5 /* NSFileManager+PathHandling.h */ = {isa = PBXFileReference; fileEncoding = 4; lastKnownFileType = sourcecode.c.h; path = "NSFileManager+PathHandling.h"; sourceTree = "<group>"; };
		602026BC15D727AE00284FD5 /* NSFileManager+PathHandling.m */ = {isa = PBXFileReference; fileEncoding = 4; lastKnownFileType = sourcecode.c.objc; path = "NSFileManager+PathHandling.m"; sourceTree = "<group>"; };
		602026BF15D72A0500284FD5 /* ORImageViewCell.h */ = {isa = PBXFileReference; fileEncoding = 4; lastKnownFileType = sourcecode.c.h; name = ORImageViewCell.h; path = Views/ORImageViewCell.h; sourceTree = "<group>"; };
		602026C015D72A0500284FD5 /* ORImageViewCell.m */ = {isa = PBXFileReference; fileEncoding = 4; lastKnownFileType = sourcecode.c.objc; name = ORImageViewCell.m; path = Views/ORImageViewCell.m; sourceTree = "<group>"; };
		602026C215D7384900284FD5 /* ORAlbumViewController.h */ = {isa = PBXFileReference; fileEncoding = 4; lastKnownFileType = sourcecode.c.h; name = ORAlbumViewController.h; path = ViewControllers/ORAlbumViewController.h; sourceTree = "<group>"; };
		602026C315D7384900284FD5 /* ORAlbumViewController.m */ = {isa = PBXFileReference; fileEncoding = 4; lastKnownFileType = sourcecode.c.objc; name = ORAlbumViewController.m; path = ViewControllers/ORAlbumViewController.m; sourceTree = "<group>"; };
		602026F115D74B1700284FD5 /* JDSlideshow.h */ = {isa = PBXFileReference; fileEncoding = 4; lastKnownFileType = sourcecode.c.h; path = JDSlideshow.h; sourceTree = "<group>"; };
		602026F215D74B1700284FD5 /* JDSlideshowController.h */ = {isa = PBXFileReference; fileEncoding = 4; lastKnownFileType = sourcecode.c.h; path = JDSlideshowController.h; sourceTree = "<group>"; };
		602026F315D74B1700284FD5 /* JDSlideshowController.m */ = {isa = PBXFileReference; fileEncoding = 4; lastKnownFileType = sourcecode.c.objc; path = JDSlideshowController.m; sourceTree = "<group>"; };
		602026F415D74B1700284FD5 /* JDSlideshowControllerDelegate.h */ = {isa = PBXFileReference; fileEncoding = 4; lastKnownFileType = sourcecode.c.h; path = JDSlideshowControllerDelegate.h; sourceTree = "<group>"; };
		602026F515D74B1700284FD5 /* JDSlideshowDelegate.h */ = {isa = PBXFileReference; fileEncoding = 4; lastKnownFileType = sourcecode.c.h; path = JDSlideshowDelegate.h; sourceTree = "<group>"; };
		602026F615D74B1700284FD5 /* JDSlideshowView.h */ = {isa = PBXFileReference; fileEncoding = 4; lastKnownFileType = sourcecode.c.h; path = JDSlideshowView.h; sourceTree = "<group>"; };
		602026F715D74B1700284FD5 /* JDSlideshowView.m */ = {isa = PBXFileReference; fileEncoding = 4; lastKnownFileType = sourcecode.c.objc; path = JDSlideshowView.m; sourceTree = "<group>"; };
		602026F815D74B1700284FD5 /* JDSlideshowViewController.h */ = {isa = PBXFileReference; fileEncoding = 4; lastKnownFileType = sourcecode.c.h; path = JDSlideshowViewController.h; sourceTree = "<group>"; };
		602026F915D74B1700284FD5 /* JDSlideshowViewController.m */ = {isa = PBXFileReference; fileEncoding = 4; lastKnownFileType = sourcecode.c.objc; path = JDSlideshowViewController.m; sourceTree = "<group>"; };
		602026FA15D74B1700284FD5 /* JDSlideshowViewDelegate.h */ = {isa = PBXFileReference; fileEncoding = 4; lastKnownFileType = sourcecode.c.h; path = JDSlideshowViewDelegate.h; sourceTree = "<group>"; };
		602026FB15D74B1700284FD5 /* JDSlideView.h */ = {isa = PBXFileReference; fileEncoding = 4; lastKnownFileType = sourcecode.c.h; path = JDSlideView.h; sourceTree = "<group>"; };
		602026FC15D74B1700284FD5 /* JDSlideView.m */ = {isa = PBXFileReference; fileEncoding = 4; lastKnownFileType = sourcecode.c.objc; path = JDSlideView.m; sourceTree = "<group>"; };
		602026FD15D74B1700284FD5 /* JDSlideViewDelegate.h */ = {isa = PBXFileReference; fileEncoding = 4; lastKnownFileType = sourcecode.c.h; path = JDSlideViewDelegate.h; sourceTree = "<group>"; };
		602026FE15D74B1700284FD5 /* leftArrow.png */ = {isa = PBXFileReference; lastKnownFileType = image.png; path = leftArrow.png; sourceTree = "<group>"; };
		602026FF15D74B1700284FD5 /* leftArrow@2x.png */ = {isa = PBXFileReference; lastKnownFileType = image.png; path = "leftArrow@2x.png"; sourceTree = "<group>"; };
		6020270015D74B1700284FD5 /* playButton.png */ = {isa = PBXFileReference; lastKnownFileType = image.png; path = playButton.png; sourceTree = "<group>"; };
		6020270115D74B1700284FD5 /* playButton@2x.png */ = {isa = PBXFileReference; lastKnownFileType = image.png; path = "playButton@2x.png"; sourceTree = "<group>"; };
		6020270215D74B1700284FD5 /* playButtonHighlighted.png */ = {isa = PBXFileReference; lastKnownFileType = image.png; path = playButtonHighlighted.png; sourceTree = "<group>"; };
		6020270315D74B1700284FD5 /* playButtonHighlighted@2x.png */ = {isa = PBXFileReference; lastKnownFileType = image.png; path = "playButtonHighlighted@2x.png"; sourceTree = "<group>"; };
		6020270415D74B1700284FD5 /* rightArrow.png */ = {isa = PBXFileReference; lastKnownFileType = image.png; path = rightArrow.png; sourceTree = "<group>"; };
		6020270515D74B1700284FD5 /* rightArrow@2x.png */ = {isa = PBXFileReference; lastKnownFileType = image.png; path = "rightArrow@2x.png"; sourceTree = "<group>"; };
		6020270615D74B1700284FD5 /* stopIcon.png */ = {isa = PBXFileReference; lastKnownFileType = image.png; path = stopIcon.png; sourceTree = "<group>"; };
		6020270715D74B1700284FD5 /* stopIcon@2x.png */ = {isa = PBXFileReference; lastKnownFileType = image.png; path = "stopIcon@2x.png"; sourceTree = "<group>"; };
		6020271E15D7518200284FD5 /* AVFoundation.framework */ = {isa = PBXFileReference; lastKnownFileType = wrapper.framework; name = AVFoundation.framework; path = System/Library/Frameworks/AVFoundation.framework; sourceTree = SDKROOT; };
		6020272015D751CE00284FD5 /* MediaPlayer.framework */ = {isa = PBXFileReference; lastKnownFileType = wrapper.framework; name = MediaPlayer.framework; path = System/Library/Frameworks/MediaPlayer.framework; sourceTree = SDKROOT; };
		6020272215D751F200284FD5 /* CoreMedia.framework */ = {isa = PBXFileReference; lastKnownFileType = wrapper.framework; name = CoreMedia.framework; path = System/Library/Frameworks/CoreMedia.framework; sourceTree = SDKROOT; };
		6020272C15D7B3A000284FD5 /* ORThumbnailOperation.h */ = {isa = PBXFileReference; fileEncoding = 4; lastKnownFileType = sourcecode.c.h; path = ORThumbnailOperation.h; sourceTree = "<group>"; };
		6020272D15D7B3A200284FD5 /* ORThumbnailOperation.m */ = {isa = PBXFileReference; fileEncoding = 4; lastKnownFileType = sourcecode.c.objc; path = ORThumbnailOperation.m; sourceTree = "<group>"; };
		6058DB7015DD839700D35A13 /* TiledBackground.png */ = {isa = PBXFileReference; lastKnownFileType = image.png; path = TiledBackground.png; sourceTree = "<group>"; };
		6058DB7815DD8BEA00D35A13 /* ORPhotoViewController.h */ = {isa = PBXFileReference; fileEncoding = 4; lastKnownFileType = sourcecode.c.h; name = ORPhotoViewController.h; path = ViewControllers/ORPhotoViewController.h; sourceTree = "<group>"; };
		6058DB7915DD8BEA00D35A13 /* ORPhotoViewController.m */ = {isa = PBXFileReference; fileEncoding = 4; lastKnownFileType = sourcecode.c.objc; name = ORPhotoViewController.m; path = ViewControllers/ORPhotoViewController.m; sourceTree = "<group>"; };
		6058DB7D15DD8CBB00D35A13 /* button_add_press.png */ = {isa = PBXFileReference; lastKnownFileType = image.png; path = button_add_press.png; sourceTree = "<group>"; };
		6058DB7E15DD8CBB00D35A13 /* button_add_up.png */ = {isa = PBXFileReference; lastKnownFileType = image.png; path = button_add_up.png; sourceTree = "<group>"; };
		6058DB7F15DD8CBB00D35A13 /* button_black.png */ = {isa = PBXFileReference; lastKnownFileType = image.png; path = button_black.png; sourceTree = "<group>"; };
		6058DB8015DD8CBB00D35A13 /* button_blue.png */ = {isa = PBXFileReference; lastKnownFileType = image.png; path = button_blue.png; sourceTree = "<group>"; };
		6058DB8115DD8CBB00D35A13 /* button_green.png */ = {isa = PBXFileReference; lastKnownFileType = image.png; path = button_green.png; sourceTree = "<group>"; };
		6058DB8215DD8CBB00D35A13 /* button_green_big_press.png */ = {isa = PBXFileReference; lastKnownFileType = image.png; path = button_green_big_press.png; sourceTree = "<group>"; };
		6058DB8315DD8CBB00D35A13 /* button_green_big_up.png */ = {isa = PBXFileReference; lastKnownFileType = image.png; path = button_green_big_up.png; sourceTree = "<group>"; };
		6058DB8415DD8CBB00D35A13 /* button_green_small_press.png */ = {isa = PBXFileReference; lastKnownFileType = image.png; path = button_green_small_press.png; sourceTree = "<group>"; };
		6058DB8515DD8CBB00D35A13 /* button_green_small_up.png */ = {isa = PBXFileReference; lastKnownFileType = image.png; path = button_green_small_up.png; sourceTree = "<group>"; };
		6058DB8615DD8CBB00D35A13 /* cards_all.png */ = {isa = PBXFileReference; lastKnownFileType = image.png; path = cards_all.png; sourceTree = "<group>"; };
		6058DB8715DD8CBB00D35A13 /* cards_americanexpress.png */ = {isa = PBXFileReference; lastKnownFileType = image.png; path = cards_americanexpress.png; sourceTree = "<group>"; };
		6058DB8815DD8CBB00D35A13 /* cards_americanexpress_s.png */ = {isa = PBXFileReference; lastKnownFileType = image.png; path = cards_americanexpress_s.png; sourceTree = "<group>"; };
		6058DB8915DD8CBB00D35A13 /* cards_diners.png */ = {isa = PBXFileReference; lastKnownFileType = image.png; path = cards_diners.png; sourceTree = "<group>"; };
		6058DB8A15DD8CBB00D35A13 /* cards_diners_s.png */ = {isa = PBXFileReference; lastKnownFileType = image.png; path = cards_diners_s.png; sourceTree = "<group>"; };
		6058DB8B15DD8CBB00D35A13 /* cards_discover.png */ = {isa = PBXFileReference; lastKnownFileType = image.png; path = cards_discover.png; sourceTree = "<group>"; };
		6058DB8C15DD8CBB00D35A13 /* cards_discover_s.png */ = {isa = PBXFileReference; lastKnownFileType = image.png; path = cards_discover_s.png; sourceTree = "<group>"; };
		6058DB8D15DD8CBB00D35A13 /* cards_isracard_s.png */ = {isa = PBXFileReference; lastKnownFileType = image.png; path = cards_isracard_s.png; sourceTree = "<group>"; };
		6058DB8E15DD8CBB00D35A13 /* cards_jcb.png */ = {isa = PBXFileReference; lastKnownFileType = image.png; path = cards_jcb.png; sourceTree = "<group>"; };
		6058DB8F15DD8CBB00D35A13 /* cards_jcb_s.png */ = {isa = PBXFileReference; lastKnownFileType = image.png; path = cards_jcb_s.png; sourceTree = "<group>"; };
		6058DB9015DD8CBB00D35A13 /* cards_leumimastercard.png */ = {isa = PBXFileReference; lastKnownFileType = image.png; path = cards_leumimastercard.png; sourceTree = "<group>"; };
		6058DB9115DD8CBB00D35A13 /* cards_leumivisa.png */ = {isa = PBXFileReference; lastKnownFileType = image.png; path = cards_leumivisa.png; sourceTree = "<group>"; };
		6058DB9215DD8CBB00D35A13 /* cards_mastercard.png */ = {isa = PBXFileReference; lastKnownFileType = image.png; path = cards_mastercard.png; sourceTree = "<group>"; };
		6058DB9315DD8CBB00D35A13 /* cards_mastercard_s.png */ = {isa = PBXFileReference; lastKnownFileType = image.png; path = cards_mastercard_s.png; sourceTree = "<group>"; };
		6058DB9415DD8CBB00D35A13 /* cards_paypal.png */ = {isa = PBXFileReference; lastKnownFileType = image.png; path = cards_paypal.png; sourceTree = "<group>"; };
		6058DB9515DD8CBB00D35A13 /* cards_paypal_s.png */ = {isa = PBXFileReference; lastKnownFileType = image.png; path = cards_paypal_s.png; sourceTree = "<group>"; };
		6058DB9615DD8CBB00D35A13 /* cards_visa.png */ = {isa = PBXFileReference; lastKnownFileType = image.png; path = cards_visa.png; sourceTree = "<group>"; };
		6058DB9715DD8CBB00D35A13 /* cards_visa_s.png */ = {isa = PBXFileReference; lastKnownFileType = image.png; path = cards_visa_s.png; sourceTree = "<group>"; };
		6058DB9815DD8CBB00D35A13 /* checkbox_checked.png */ = {isa = PBXFileReference; lastKnownFileType = image.png; path = checkbox_checked.png; sourceTree = "<group>"; };
		6058DB9915DD8CBB00D35A13 /* checkbox_unchecked.png */ = {isa = PBXFileReference; lastKnownFileType = image.png; path = checkbox_unchecked.png; sourceTree = "<group>"; };
		6058DB9A15DD8CBB00D35A13 /* cvv_americanexpress.png */ = {isa = PBXFileReference; lastKnownFileType = image.png; path = cvv_americanexpress.png; sourceTree = "<group>"; };
		6058DB9B15DD8CBB00D35A13 /* cvv_mastercard.png */ = {isa = PBXFileReference; lastKnownFileType = image.png; path = cvv_mastercard.png; sourceTree = "<group>"; };
		6058DB9C15DD8CBB00D35A13 /* cvv_other.png */ = {isa = PBXFileReference; lastKnownFileType = image.png; path = cvv_other.png; sourceTree = "<group>"; };
		6058DB9D15DD8CBB00D35A13 /* cvv_visa.png */ = {isa = PBXFileReference; lastKnownFileType = image.png; path = cvv_visa.png; sourceTree = "<group>"; };
		6058DB9E15DD8CBB00D35A13 /* icon_card.png */ = {isa = PBXFileReference; lastKnownFileType = image.png; path = icon_card.png; sourceTree = "<group>"; };
		6058DB9F15DD8CBB00D35A13 /* icon_info.png */ = {isa = PBXFileReference; lastKnownFileType = image.png; path = icon_info.png; sourceTree = "<group>"; };
		6058DBA015DD8CBB00D35A13 /* icon_V.png */ = {isa = PBXFileReference; lastKnownFileType = image.png; path = icon_V.png; sourceTree = "<group>"; };
		6058DBA115DD8CBB00D35A13 /* lock_small.png */ = {isa = PBXFileReference; lastKnownFileType = image.png; path = lock_small.png; sourceTree = "<group>"; };
		6058DBA215DD8CBB00D35A13 /* logo_big.png */ = {isa = PBXFileReference; lastKnownFileType = image.png; path = logo_big.png; sourceTree = "<group>"; };
		6058DBA315DD8CBB00D35A13 /* logo_small.png */ = {isa = PBXFileReference; lastKnownFileType = image.png; path = logo_small.png; sourceTree = "<group>"; };
		6058DBA415DD8CBB00D35A13 /* sandbox.png */ = {isa = PBXFileReference; lastKnownFileType = image.png; path = sandbox.png; sourceTree = "<group>"; };
		6058DBA515DD8CBB00D35A13 /* seal.png */ = {isa = PBXFileReference; lastKnownFileType = image.png; path = seal.png; sourceTree = "<group>"; };
		6058DBA615DD8CBB00D35A13 /* security_button_press.png */ = {isa = PBXFileReference; lastKnownFileType = image.png; path = security_button_press.png; sourceTree = "<group>"; };
		6058DBA715DD8CBB00D35A13 /* security_button_up.png */ = {isa = PBXFileReference; lastKnownFileType = image.png; path = security_button_up.png; sourceTree = "<group>"; };
		6058DBA815DD8CBB00D35A13 /* security_icon_arow_press.png */ = {isa = PBXFileReference; lastKnownFileType = image.png; path = security_icon_arow_press.png; sourceTree = "<group>"; };
		6058DBA915DD8CBB00D35A13 /* security_icon_arow_up.png */ = {isa = PBXFileReference; lastKnownFileType = image.png; path = security_icon_arow_up.png; sourceTree = "<group>"; };
		6058DBAA15DD8CBB00D35A13 /* security_icon_fingerprint_press.png */ = {isa = PBXFileReference; lastKnownFileType = image.png; path = security_icon_fingerprint_press.png; sourceTree = "<group>"; };
		6058DBAB15DD8CBB00D35A13 /* security_icon_fingerprint_up.png */ = {isa = PBXFileReference; lastKnownFileType = image.png; path = security_icon_fingerprint_up.png; sourceTree = "<group>"; };
		6058DBAC15DD8CBB00D35A13 /* texbox.png */ = {isa = PBXFileReference; lastKnownFileType = image.png; path = texbox.png; sourceTree = "<group>"; };
		6058DBAD15DD8CBB00D35A13 /* topHeader.png */ = {isa = PBXFileReference; lastKnownFileType = image.png; path = topHeader.png; sourceTree = "<group>"; };
		6058DBAE15DD8CBB00D35A13 /* ZooZCardSelection.nib */ = {isa = PBXFileReference; lastKnownFileType = file; path = ZooZCardSelection.nib; sourceTree = "<group>"; };
		6058DBAF15DD8CBB00D35A13 /* ZooZCardSelection_ipad.nib */ = {isa = PBXFileReference; lastKnownFileType = file; path = ZooZCardSelection_ipad.nib; sourceTree = "<group>"; };
		6058DBB015DD8CBB00D35A13 /* ZooZEndPayment.nib */ = {isa = PBXFileReference; lastKnownFileType = file; path = ZooZEndPayment.nib; sourceTree = "<group>"; };
		6058DBB115DD8CBB00D35A13 /* ZooZEndPayment_ipad.nib */ = {isa = PBXFileReference; lastKnownFileType = file; path = ZooZEndPayment_ipad.nib; sourceTree = "<group>"; };
		6058DBB215DD8CBB00D35A13 /* ZooZGenWebController.nib */ = {isa = PBXFileReference; lastKnownFileType = file; path = ZooZGenWebController.nib; sourceTree = "<group>"; };
		6058DBB315DD8CBB00D35A13 /* ZooZGenWebController_ipad.nib */ = {isa = PBXFileReference; lastKnownFileType = file; path = ZooZGenWebController_ipad.nib; sourceTree = "<group>"; };
		6058DBB415DD8CBB00D35A13 /* zoozi18n.bundle */ = {isa = PBXFileReference; lastKnownFileType = "wrapper.plug-in"; path = zoozi18n.bundle; sourceTree = "<group>"; };
		6058DBB515DD8CBB00D35A13 /* ZooZNewCardController.nib */ = {isa = PBXFileReference; lastKnownFileType = file; path = ZooZNewCardController.nib; sourceTree = "<group>"; };
		6058DBB615DD8CBB00D35A13 /* ZooZNewCardController_ipad.nib */ = {isa = PBXFileReference; lastKnownFileType = file; path = ZooZNewCardController_ipad.nib; sourceTree = "<group>"; };
		6058DBB715DD8CBB00D35A13 /* ZooZPasscodeSave.nib */ = {isa = PBXFileReference; lastKnownFileType = file; path = ZooZPasscodeSave.nib; sourceTree = "<group>"; };
		6058DBB815DD8CBB00D35A13 /* ZooZPassCodeSave_ipad.nib */ = {isa = PBXFileReference; lastKnownFileType = file; path = ZooZPassCodeSave_ipad.nib; sourceTree = "<group>"; };
		6058DBB915DD8CBB00D35A13 /* ZooZPasscodeVerify.nib */ = {isa = PBXFileReference; lastKnownFileType = file; path = ZooZPasscodeVerify.nib; sourceTree = "<group>"; };
		6058DBBA15DD8CBB00D35A13 /* ZooZPasscodeVerify_ipad.nib */ = {isa = PBXFileReference; lastKnownFileType = file; path = ZooZPasscodeVerify_ipad.nib; sourceTree = "<group>"; };
		6058DBBB15DD8CBB00D35A13 /* ZooZSDK.framework */ = {isa = PBXFileReference; lastKnownFileType = wrapper.framework; path = ZooZSDK.framework; sourceTree = "<group>"; };
		6058DBFB15DD8D1400D35A13 /* QuartzCore.framework */ = {isa = PBXFileReference; lastKnownFileType = wrapper.framework; name = QuartzCore.framework; path = System/Library/Frameworks/QuartzCore.framework; sourceTree = SDKROOT; };
		6058DBFD15DD8D2B00D35A13 /* Security.framework */ = {isa = PBXFileReference; lastKnownFileType = wrapper.framework; name = Security.framework; path = System/Library/Frameworks/Security.framework; sourceTree = SDKROOT; };
		6058DBFF15DD8D3700D35A13 /* libxml2.dylib */ = {isa = PBXFileReference; lastKnownFileType = "compiled.mach-o.dylib"; name = libxml2.dylib; path = usr/lib/libxml2.dylib; sourceTree = SDKROOT; };
		6058DC0015DD8D3900D35A13 /* libz.dylib */ = {isa = PBXFileReference; lastKnownFileType = "compiled.mach-o.dylib"; name = libz.dylib; path = usr/lib/libz.dylib; sourceTree = SDKROOT; };
		60A6749015D7FB6A009D23B4 /* MeliaIcon144.png */ = {isa = PBXFileReference; lastKnownFileType = image.png; path = MeliaIcon144.png; sourceTree = "<group>"; };
		60A6749215D7FB8B009D23B4 /* MeliaIcon72.png */ = {isa = PBXFileReference; lastKnownFileType = image.png; path = MeliaIcon72.png; sourceTree = "<group>"; };
		60F17DFB15D30BEF0072FA37 /* The Melia.app */ = {isa = PBXFileReference; explicitFileType = wrapper.application; includeInIndex = 0; path = "The Melia.app"; sourceTree = BUILT_PRODUCTS_DIR; };
		60F17DFF15D30BEF0072FA37 /* UIKit.framework */ = {isa = PBXFileReference; includeInIndex = 1; lastKnownFileType = wrapper.framework; name = UIKit.framework; path = System/Library/Frameworks/UIKit.framework; sourceTree = SDKROOT; };
		60F17E0115D30BEF0072FA37 /* Foundation.framework */ = {isa = PBXFileReference; includeInIndex = 1; lastKnownFileType = wrapper.framework; name = Foundation.framework; path = System/Library/Frameworks/Foundation.framework; sourceTree = SDKROOT; };
		60F17E0315D30BEF0072FA37 /* CoreGraphics.framework */ = {isa = PBXFileReference; includeInIndex = 1; lastKnownFileType = wrapper.framework; name = CoreGraphics.framework; path = System/Library/Frameworks/CoreGraphics.framework; sourceTree = SDKROOT; };
		60F17E0715D30BEF0072FA37 /* Melia-Info.plist */ = {isa = PBXFileReference; lastKnownFileType = text.plist.xml; path = "Melia-Info.plist"; sourceTree = "<group>"; };
		60F17E0915D30BEF0072FA37 /* en */ = {isa = PBXFileReference; lastKnownFileType = text.plist.strings; name = en; path = en.lproj/InfoPlist.strings; sourceTree = "<group>"; };
		60F17E0B15D30BEF0072FA37 /* main.m */ = {isa = PBXFileReference; lastKnownFileType = sourcecode.c.objc; path = main.m; sourceTree = "<group>"; };
		60F17E0D15D30BEF0072FA37 /* Melia-Prefix.pch */ = {isa = PBXFileReference; lastKnownFileType = sourcecode.c.h; path = "Melia-Prefix.pch"; sourceTree = "<group>"; };
		60F17E0E15D30BEF0072FA37 /* ORAppDelegate.h */ = {isa = PBXFileReference; lastKnownFileType = sourcecode.c.h; path = ORAppDelegate.h; sourceTree = "<group>"; };
		60F17E0F15D30BEF0072FA37 /* ORAppDelegate.m */ = {isa = PBXFileReference; lastKnownFileType = sourcecode.c.objc; path = ORAppDelegate.m; sourceTree = "<group>"; };
		60F17E1215D30BEF0072FA37 /* en */ = {isa = PBXFileReference; lastKnownFileType = file.storyboard; name = en; path = en.lproj/MainStoryboard.storyboard; sourceTree = "<group>"; };
		60F17E1415D30BEF0072FA37 /* ORCollectionViewController.h */ = {isa = PBXFileReference; lastKnownFileType = sourcecode.c.h; path = ORCollectionViewController.h; sourceTree = "<group>"; };
		60F17E1515D30BEF0072FA37 /* ORCollectionViewController.m */ = {isa = PBXFileReference; lastKnownFileType = sourcecode.c.objc; path = ORCollectionViewController.m; sourceTree = "<group>"; };
		60F17E1C15D30DBE0072FA37 /* ORAlbumFinderViewController.h */ = {isa = PBXFileReference; fileEncoding = 4; lastKnownFileType = sourcecode.c.h; name = ORAlbumFinderViewController.h; path = ViewControllers/ORAlbumFinderViewController.h; sourceTree = "<group>"; };
		60F17E1D15D30DBE0072FA37 /* ORAlbumFinderViewController.m */ = {isa = PBXFileReference; fileEncoding = 4; lastKnownFileType = sourcecode.c.objc; name = ORAlbumFinderViewController.m; path = ViewControllers/ORAlbumFinderViewController.m; sourceTree = "<group>"; };
		CB3D300365B94EB8975BC4E1 /* libPods.a */ = {isa = PBXFileReference; explicitFileType = archive.ar; includeInIndex = 0; path = libPods.a; sourceTree = BUILT_PRODUCTS_DIR; };
/* End PBXFileReference section */

/* Begin PBXFrameworksBuildPhase section */
		60F17DF815D30BEF0072FA37 /* Frameworks */ = {
			isa = PBXFrameworksBuildPhase;
			buildActionMask = 2147483647;
			files = (
				6058DC0115DD8D3C00D35A13 /* libxml2.dylib in Frameworks */,
				6058DC0215DD8D3C00D35A13 /* libz.dylib in Frameworks */,
				6058DBFC15DD8D1700D35A13 /* QuartzCore.framework in Frameworks */,
				6020272315D751F200284FD5 /* CoreMedia.framework in Frameworks */,
				6058DBFE15DD8D2E00D35A13 /* Security.framework in Frameworks */,
				6020272115D751CE00284FD5 /* MediaPlayer.framework in Frameworks */,
				6020271F15D7518200284FD5 /* AVFoundation.framework in Frameworks */,
				60F17E0015D30BEF0072FA37 /* UIKit.framework in Frameworks */,
				60F17E0215D30BEF0072FA37 /* Foundation.framework in Frameworks */,
				60F17E0415D30BEF0072FA37 /* CoreGraphics.framework in Frameworks */,
				5E150CCA63514F45B4686C3E /* libPods.a in Frameworks */,
				6058DBFA15DD8CBB00D35A13 /* ZooZSDK.framework in Frameworks */,
			);
			runOnlyForDeploymentPostprocessing = 0;
		};
/* End PBXFrameworksBuildPhase section */

/* Begin PBXGroup section */
		601C19F515D6D734001E4398 /* Util */ = {
			isa = PBXGroup;
			children = (
				6058DB7B15DD8CBB00D35A13 /* ZooZSDK.embeddedframework */,
				602026F015D74B1700284FD5 /* JDSlideshow */,
				601C19F615D6D74F001E4398 /* NSFileManager+SkipBackup.h */,
				601C19F715D6D74F001E4398 /* NSFileManager+SkipBackup.m */,
				601C19F215D6D730001E4398 /* ARFileDownloadOperation.h */,
				601C19F315D6D730001E4398 /* ARFileDownloadOperation.m */,
				602026BB15D727AE00284FD5 /* NSFileManager+PathHandling.h */,
				602026BC15D727AE00284FD5 /* NSFileManager+PathHandling.m */,
				6020272C15D7B3A000284FD5 /* ORThumbnailOperation.h */,
				6020272D15D7B3A200284FD5 /* ORThumbnailOperation.m */,
			);
			name = Util;
			sourceTree = "<group>";
		};
		602026F015D74B1700284FD5 /* JDSlideshow */ = {
			isa = PBXGroup;
			children = (
				602026F115D74B1700284FD5 /* JDSlideshow.h */,
				602026F215D74B1700284FD5 /* JDSlideshowController.h */,
				602026F315D74B1700284FD5 /* JDSlideshowController.m */,
				602026F415D74B1700284FD5 /* JDSlideshowControllerDelegate.h */,
				602026F515D74B1700284FD5 /* JDSlideshowDelegate.h */,
				602026F615D74B1700284FD5 /* JDSlideshowView.h */,
				602026F715D74B1700284FD5 /* JDSlideshowView.m */,
				602026F815D74B1700284FD5 /* JDSlideshowViewController.h */,
				602026F915D74B1700284FD5 /* JDSlideshowViewController.m */,
				602026FA15D74B1700284FD5 /* JDSlideshowViewDelegate.h */,
				602026FB15D74B1700284FD5 /* JDSlideView.h */,
				602026FC15D74B1700284FD5 /* JDSlideView.m */,
				602026FD15D74B1700284FD5 /* JDSlideViewDelegate.h */,
				602026FE15D74B1700284FD5 /* leftArrow.png */,
				602026FF15D74B1700284FD5 /* leftArrow@2x.png */,
				6020270015D74B1700284FD5 /* playButton.png */,
				6020270115D74B1700284FD5 /* playButton@2x.png */,
				6020270215D74B1700284FD5 /* playButtonHighlighted.png */,
				6020270315D74B1700284FD5 /* playButtonHighlighted@2x.png */,
				6020270415D74B1700284FD5 /* rightArrow.png */,
				6020270515D74B1700284FD5 /* rightArrow@2x.png */,
				6020270615D74B1700284FD5 /* stopIcon.png */,
				6020270715D74B1700284FD5 /* stopIcon@2x.png */,
			);
			path = JDSlideshow;
			sourceTree = "<group>";
		};
		6058DB7B15DD8CBB00D35A13 /* ZooZSDK.embeddedframework */ = {
			isa = PBXGroup;
			children = (
				6058DB7C15DD8CBB00D35A13 /* Resources */,
				6058DBBB15DD8CBB00D35A13 /* ZooZSDK.framework */,
			);
			path = ZooZSDK.embeddedframework;
			sourceTree = "<group>";
		};
		6058DB7C15DD8CBB00D35A13 /* Resources */ = {
			isa = PBXGroup;
			children = (
				6058DB7D15DD8CBB00D35A13 /* button_add_press.png */,
				6058DB7E15DD8CBB00D35A13 /* button_add_up.png */,
				6058DB7F15DD8CBB00D35A13 /* button_black.png */,
				6058DB8015DD8CBB00D35A13 /* button_blue.png */,
				6058DB8115DD8CBB00D35A13 /* button_green.png */,
				6058DB8215DD8CBB00D35A13 /* button_green_big_press.png */,
				6058DB8315DD8CBB00D35A13 /* button_green_big_up.png */,
				6058DB8415DD8CBB00D35A13 /* button_green_small_press.png */,
				6058DB8515DD8CBB00D35A13 /* button_green_small_up.png */,
				6058DB8615DD8CBB00D35A13 /* cards_all.png */,
				6058DB8715DD8CBB00D35A13 /* cards_americanexpress.png */,
				6058DB8815DD8CBB00D35A13 /* cards_americanexpress_s.png */,
				6058DB8915DD8CBB00D35A13 /* cards_diners.png */,
				6058DB8A15DD8CBB00D35A13 /* cards_diners_s.png */,
				6058DB8B15DD8CBB00D35A13 /* cards_discover.png */,
				6058DB8C15DD8CBB00D35A13 /* cards_discover_s.png */,
				6058DB8D15DD8CBB00D35A13 /* cards_isracard_s.png */,
				6058DB8E15DD8CBB00D35A13 /* cards_jcb.png */,
				6058DB8F15DD8CBB00D35A13 /* cards_jcb_s.png */,
				6058DB9015DD8CBB00D35A13 /* cards_leumimastercard.png */,
				6058DB9115DD8CBB00D35A13 /* cards_leumivisa.png */,
				6058DB9215DD8CBB00D35A13 /* cards_mastercard.png */,
				6058DB9315DD8CBB00D35A13 /* cards_mastercard_s.png */,
				6058DB9415DD8CBB00D35A13 /* cards_paypal.png */,
				6058DB9515DD8CBB00D35A13 /* cards_paypal_s.png */,
				6058DB9615DD8CBB00D35A13 /* cards_visa.png */,
				6058DB9715DD8CBB00D35A13 /* cards_visa_s.png */,
				6058DB9815DD8CBB00D35A13 /* checkbox_checked.png */,
				6058DB9915DD8CBB00D35A13 /* checkbox_unchecked.png */,
				6058DB9A15DD8CBB00D35A13 /* cvv_americanexpress.png */,
				6058DB9B15DD8CBB00D35A13 /* cvv_mastercard.png */,
				6058DB9C15DD8CBB00D35A13 /* cvv_other.png */,
				6058DB9D15DD8CBB00D35A13 /* cvv_visa.png */,
				6058DB9E15DD8CBB00D35A13 /* icon_card.png */,
				6058DB9F15DD8CBB00D35A13 /* icon_info.png */,
				6058DBA015DD8CBB00D35A13 /* icon_V.png */,
				6058DBA115DD8CBB00D35A13 /* lock_small.png */,
				6058DBA215DD8CBB00D35A13 /* logo_big.png */,
				6058DBA315DD8CBB00D35A13 /* logo_small.png */,
				6058DBA415DD8CBB00D35A13 /* sandbox.png */,
				6058DBA515DD8CBB00D35A13 /* seal.png */,
				6058DBA615DD8CBB00D35A13 /* security_button_press.png */,
				6058DBA715DD8CBB00D35A13 /* security_button_up.png */,
				6058DBA815DD8CBB00D35A13 /* security_icon_arow_press.png */,
				6058DBA915DD8CBB00D35A13 /* security_icon_arow_up.png */,
				6058DBAA15DD8CBB00D35A13 /* security_icon_fingerprint_press.png */,
				6058DBAB15DD8CBB00D35A13 /* security_icon_fingerprint_up.png */,
				6058DBAC15DD8CBB00D35A13 /* texbox.png */,
				6058DBAD15DD8CBB00D35A13 /* topHeader.png */,
				6058DBAE15DD8CBB00D35A13 /* ZooZCardSelection.nib */,
				6058DBAF15DD8CBB00D35A13 /* ZooZCardSelection_ipad.nib */,
				6058DBB015DD8CBB00D35A13 /* ZooZEndPayment.nib */,
				6058DBB115DD8CBB00D35A13 /* ZooZEndPayment_ipad.nib */,
				6058DBB215DD8CBB00D35A13 /* ZooZGenWebController.nib */,
				6058DBB315DD8CBB00D35A13 /* ZooZGenWebController_ipad.nib */,
				6058DBB415DD8CBB00D35A13 /* zoozi18n.bundle */,
				6058DBB515DD8CBB00D35A13 /* ZooZNewCardController.nib */,
				6058DBB615DD8CBB00D35A13 /* ZooZNewCardController_ipad.nib */,
				6058DBB715DD8CBB00D35A13 /* ZooZPasscodeSave.nib */,
				6058DBB815DD8CBB00D35A13 /* ZooZPassCodeSave_ipad.nib */,
				6058DBB915DD8CBB00D35A13 /* ZooZPasscodeVerify.nib */,
				6058DBBA15DD8CBB00D35A13 /* ZooZPasscodeVerify_ipad.nib */,
			);
			path = Resources;
			sourceTree = "<group>";
		};
		60F17DF015D30BEF0072FA37 = {
			isa = PBXGroup;
			children = (
				60A6749215D7FB8B009D23B4 /* MeliaIcon72.png */,
				60A6749015D7FB6A009D23B4 /* MeliaIcon144.png */,
				60F17E0515D30BEF0072FA37 /* Melia */,
				60F17DFE15D30BEF0072FA37 /* Frameworks */,
				60F17DFC15D30BEF0072FA37 /* Products */,
				5A013139B7564C65A11A6AF7 /* Pods.xcconfig */,
			);
			sourceTree = "<group>";
		};
		60F17DFC15D30BEF0072FA37 /* Products */ = {
			isa = PBXGroup;
			children = (
				60F17DFB15D30BEF0072FA37 /* The Melia.app */,
			);
			name = Products;
			sourceTree = "<group>";
		};
		60F17DFE15D30BEF0072FA37 /* Frameworks */ = {
			isa = PBXGroup;
			children = (
				6058DBFF15DD8D3700D35A13 /* libxml2.dylib */,
				6058DC0015DD8D3900D35A13 /* libz.dylib */,
				6058DBFD15DD8D2B00D35A13 /* Security.framework */,
				6058DBFB15DD8D1400D35A13 /* QuartzCore.framework */,
				6020272215D751F200284FD5 /* CoreMedia.framework */,
				6020272015D751CE00284FD5 /* MediaPlayer.framework */,
				6020271E15D7518200284FD5 /* AVFoundation.framework */,
				60F17DFF15D30BEF0072FA37 /* UIKit.framework */,
				60F17E0115D30BEF0072FA37 /* Foundation.framework */,
				60F17E0315D30BEF0072FA37 /* CoreGraphics.framework */,
				CB3D300365B94EB8975BC4E1 /* libPods.a */,
			);
			name = Frameworks;
			sourceTree = "<group>";
		};
		60F17E0515D30BEF0072FA37 /* Melia */ = {
			isa = PBXGroup;
			children = (
				6058DB7015DD839700D35A13 /* TiledBackground.png */,
				601C19F515D6D734001E4398 /* Util */,
				60F17E2815D316E00072FA37 /* Views */,
				60F17E2415D313240072FA37 /* Models */,
				60F17E1F15D30DC20072FA37 /* ViewControllers */,
				60F17E0E15D30BEF0072FA37 /* ORAppDelegate.h */,
				60F17E0F15D30BEF0072FA37 /* ORAppDelegate.m */,
				60F17E1115D30BEF0072FA37 /* MainStoryboard.storyboard */,
				60F17E0615D30BEF0072FA37 /* Supporting Files */,
			);
			path = Melia;
			sourceTree = "<group>";
		};
		60F17E0615D30BEF0072FA37 /* Supporting Files */ = {
			isa = PBXGroup;
			children = (
				60F17E0715D30BEF0072FA37 /* Melia-Info.plist */,
				60F17E0815D30BEF0072FA37 /* InfoPlist.strings */,
				60F17E0B15D30BEF0072FA37 /* main.m */,
				60F17E0D15D30BEF0072FA37 /* Melia-Prefix.pch */,
			);
			name = "Supporting Files";
			sourceTree = "<group>";
		};
		60F17E1F15D30DC20072FA37 /* ViewControllers */ = {
			isa = PBXGroup;
			children = (
				60F17E1C15D30DBE0072FA37 /* ORAlbumFinderViewController.h */,
				60F17E1D15D30DBE0072FA37 /* ORAlbumFinderViewController.m */,
				601C19E715D6CF9B001E4398 /* ORAlbumSyncViewController.h */,
				601C19E815D6CF9B001E4398 /* ORAlbumSyncViewController.m */,
				602026C215D7384900284FD5 /* ORAlbumViewController.h */,
				602026C315D7384900284FD5 /* ORAlbumViewController.m */,
				60F17E1415D30BEF0072FA37 /* ORCollectionViewController.h */,
				60F17E1515D30BEF0072FA37 /* ORCollectionViewController.m */,
				6058DB7815DD8BEA00D35A13 /* ORPhotoViewController.h */,
				6058DB7915DD8BEA00D35A13 /* ORPhotoViewController.m */,
			);
			name = ViewControllers;
			sourceTree = "<group>";
		};
		60F17E2415D313240072FA37 /* Models */ = {
			isa = PBXGroup;
			children = (
			);
			name = Models;
			sourceTree = "<group>";
		};
		60F17E2815D316E00072FA37 /* Views */ = {
			isa = PBXGroup;
			children = (
				602026BF15D72A0500284FD5 /* ORImageViewCell.h */,
				602026C015D72A0500284FD5 /* ORImageViewCell.m */,
			);
			name = Views;
			sourceTree = "<group>";
		};
/* End PBXGroup section */

/* Begin PBXNativeTarget section */
		60F17DFA15D30BEF0072FA37 /* The Melia */ = {
			isa = PBXNativeTarget;
			buildConfigurationList = 60F17E1915D30BEF0072FA37 /* Build configuration list for PBXNativeTarget "The Melia" */;
			buildPhases = (
				60F17DF715D30BEF0072FA37 /* Sources */,
				60F17DF815D30BEF0072FA37 /* Frameworks */,
				60F17DF915D30BEF0072FA37 /* Resources */,
				D757264C299C45C4A34800B0 /* Copy Pods Resources */,
			);
			buildRules = (
			);
			dependencies = (
			);
			name = "The Melia";
			productName = Melia;
			productReference = 60F17DFB15D30BEF0072FA37 /* The Melia.app */;
			productType = "com.apple.product-type.application";
		};
/* End PBXNativeTarget section */

/* Begin PBXProject section */
		60F17DF215D30BEF0072FA37 /* Project object */ = {
			isa = PBXProject;
			attributes = {
				CLASSPREFIX = OR;
				LastUpgradeCheck = 0450;
				ORGANIZATIONNAME = "orta therox";
			};
			buildConfigurationList = 60F17DF515D30BEF0072FA37 /* Build configuration list for PBXProject "Melia" */;
			compatibilityVersion = "Xcode 3.2";
			developmentRegion = English;
			hasScannedForEncodings = 0;
			knownRegions = (
				en,
			);
			mainGroup = 60F17DF015D30BEF0072FA37;
			productRefGroup = 60F17DFC15D30BEF0072FA37 /* Products */;
			projectDirPath = "";
			projectRoot = "";
			targets = (
				60F17DFA15D30BEF0072FA37 /* The Melia */,
			);
		};
/* End PBXProject section */

/* Begin PBXResourcesBuildPhase section */
		60F17DF915D30BEF0072FA37 /* Resources */ = {
			isa = PBXResourcesBuildPhase;
			buildActionMask = 2147483647;
			files = (
				60F17E0A15D30BEF0072FA37 /* InfoPlist.strings in Resources */,
				60F17E1315D30BEF0072FA37 /* MainStoryboard.storyboard in Resources */,
				6020270C15D74B1700284FD5 /* leftArrow.png in Resources */,
				6020270D15D74B1700284FD5 /* leftArrow@2x.png in Resources */,
				6020270E15D74B1700284FD5 /* playButton.png in Resources */,
				6020270F15D74B1700284FD5 /* playButton@2x.png in Resources */,
				6020271015D74B1700284FD5 /* playButtonHighlighted.png in Resources */,
				6020271115D74B1700284FD5 /* playButtonHighlighted@2x.png in Resources */,
				6020271215D74B1700284FD5 /* rightArrow.png in Resources */,
				6020271315D74B1700284FD5 /* rightArrow@2x.png in Resources */,
				6020271415D74B1700284FD5 /* stopIcon.png in Resources */,
				6020271515D74B1700284FD5 /* stopIcon@2x.png in Resources */,
				60A6749115D7FB6A009D23B4 /* MeliaIcon144.png in Resources */,
				60A6749315D7FB8B009D23B4 /* MeliaIcon72.png in Resources */,
				6058DB7115DD839700D35A13 /* TiledBackground.png in Resources */,
				6058DBBC15DD8CBB00D35A13 /* button_add_press.png in Resources */,
				6058DBBD15DD8CBB00D35A13 /* button_add_up.png in Resources */,
				6058DBBE15DD8CBB00D35A13 /* button_black.png in Resources */,
				6058DBBF15DD8CBB00D35A13 /* button_blue.png in Resources */,
				6058DBC015DD8CBB00D35A13 /* button_green.png in Resources */,
				6058DBC115DD8CBB00D35A13 /* button_green_big_press.png in Resources */,
				6058DBC215DD8CBB00D35A13 /* button_green_big_up.png in Resources */,
				6058DBC315DD8CBB00D35A13 /* button_green_small_press.png in Resources */,
				6058DBC415DD8CBB00D35A13 /* button_green_small_up.png in Resources */,
				6058DBC515DD8CBB00D35A13 /* cards_all.png in Resources */,
				6058DBC615DD8CBB00D35A13 /* cards_americanexpress.png in Resources */,
				6058DBC715DD8CBB00D35A13 /* cards_americanexpress_s.png in Resources */,
				6058DBC815DD8CBB00D35A13 /* cards_diners.png in Resources */,
				6058DBC915DD8CBB00D35A13 /* cards_diners_s.png in Resources */,
				6058DBCA15DD8CBB00D35A13 /* cards_discover.png in Resources */,
				6058DBCB15DD8CBB00D35A13 /* cards_discover_s.png in Resources */,
				6058DBCC15DD8CBB00D35A13 /* cards_isracard_s.png in Resources */,
				6058DBCD15DD8CBB00D35A13 /* cards_jcb.png in Resources */,
				6058DBCE15DD8CBB00D35A13 /* cards_jcb_s.png in Resources */,
				6058DBCF15DD8CBB00D35A13 /* cards_leumimastercard.png in Resources */,
				6058DBD015DD8CBB00D35A13 /* cards_leumivisa.png in Resources */,
				6058DBD115DD8CBB00D35A13 /* cards_mastercard.png in Resources */,
				6058DBD215DD8CBB00D35A13 /* cards_mastercard_s.png in Resources */,
				6058DBD315DD8CBB00D35A13 /* cards_paypal.png in Resources */,
				6058DBD415DD8CBB00D35A13 /* cards_paypal_s.png in Resources */,
				6058DBD515DD8CBB00D35A13 /* cards_visa.png in Resources */,
				6058DBD615DD8CBB00D35A13 /* cards_visa_s.png in Resources */,
				6058DBD715DD8CBB00D35A13 /* checkbox_checked.png in Resources */,
				6058DBD815DD8CBB00D35A13 /* checkbox_unchecked.png in Resources */,
				6058DBD915DD8CBB00D35A13 /* cvv_americanexpress.png in Resources */,
				6058DBDA15DD8CBB00D35A13 /* cvv_mastercard.png in Resources */,
				6058DBDB15DD8CBB00D35A13 /* cvv_other.png in Resources */,
				6058DBDC15DD8CBB00D35A13 /* cvv_visa.png in Resources */,
				6058DBDD15DD8CBB00D35A13 /* icon_card.png in Resources */,
				6058DBDE15DD8CBB00D35A13 /* icon_info.png in Resources */,
				6058DBDF15DD8CBB00D35A13 /* icon_V.png in Resources */,
				6058DBE015DD8CBB00D35A13 /* lock_small.png in Resources */,
				6058DBE115DD8CBB00D35A13 /* logo_big.png in Resources */,
				6058DBE215DD8CBB00D35A13 /* logo_small.png in Resources */,
				6058DBE315DD8CBB00D35A13 /* sandbox.png in Resources */,
				6058DBE415DD8CBB00D35A13 /* seal.png in Resources */,
				6058DBE515DD8CBB00D35A13 /* security_button_press.png in Resources */,
				6058DBE615DD8CBB00D35A13 /* security_button_up.png in Resources */,
				6058DBE715DD8CBB00D35A13 /* security_icon_arow_press.png in Resources */,
				6058DBE815DD8CBB00D35A13 /* security_icon_arow_up.png in Resources */,
				6058DBE915DD8CBB00D35A13 /* security_icon_fingerprint_press.png in Resources */,
				6058DBEA15DD8CBB00D35A13 /* security_icon_fingerprint_up.png in Resources */,
				6058DBEB15DD8CBB00D35A13 /* texbox.png in Resources */,
				6058DBEC15DD8CBB00D35A13 /* topHeader.png in Resources */,
				6058DBED15DD8CBB00D35A13 /* ZooZCardSelection.nib in Resources */,
				6058DBEE15DD8CBB00D35A13 /* ZooZCardSelection_ipad.nib in Resources */,
				6058DBEF15DD8CBB00D35A13 /* ZooZEndPayment.nib in Resources */,
				6058DBF015DD8CBB00D35A13 /* ZooZEndPayment_ipad.nib in Resources */,
				6058DBF115DD8CBB00D35A13 /* ZooZGenWebController.nib in Resources */,
				6058DBF215DD8CBB00D35A13 /* ZooZGenWebController_ipad.nib in Resources */,
				6058DBF315DD8CBB00D35A13 /* zoozi18n.bundle in Resources */,
				6058DBF415DD8CBB00D35A13 /* ZooZNewCardController.nib in Resources */,
				6058DBF515DD8CBB00D35A13 /* ZooZNewCardController_ipad.nib in Resources */,
				6058DBF615DD8CBB00D35A13 /* ZooZPasscodeSave.nib in Resources */,
				6058DBF715DD8CBB00D35A13 /* ZooZPassCodeSave_ipad.nib in Resources */,
				6058DBF815DD8CBB00D35A13 /* ZooZPasscodeVerify.nib in Resources */,
				6058DBF915DD8CBB00D35A13 /* ZooZPasscodeVerify_ipad.nib in Resources */,
			);
			runOnlyForDeploymentPostprocessing = 0;
		};
/* End PBXResourcesBuildPhase section */

/* Begin PBXShellScriptBuildPhase section */
		D757264C299C45C4A34800B0 /* Copy Pods Resources */ = {
			isa = PBXShellScriptBuildPhase;
			buildActionMask = 2147483647;
			files = (
			);
			inputPaths = (
			);
			name = "Copy Pods Resources";
			outputPaths = (
			);
			runOnlyForDeploymentPostprocessing = 0;
			shellPath = /bin/sh;
			shellScript = "\"${SRCROOT}/Pods/Pods-resources.sh\"\n";
		};
/* End PBXShellScriptBuildPhase section */

/* Begin PBXSourcesBuildPhase section */
		60F17DF715D30BEF0072FA37 /* Sources */ = {
			isa = PBXSourcesBuildPhase;
			buildActionMask = 2147483647;
			files = (
				60F17E0C15D30BEF0072FA37 /* main.m in Sources */,
				60F17E1015D30BEF0072FA37 /* ORAppDelegate.m in Sources */,
				60F17E1615D30BEF0072FA37 /* ORCollectionViewController.m in Sources */,
				60F17E1E15D30DBE0072FA37 /* ORAlbumFinderViewController.m in Sources */,
				601C19E915D6CF9B001E4398 /* ORAlbumSyncViewController.m in Sources */,
				601C19F415D6D730001E4398 /* ARFileDownloadOperation.m in Sources */,
				601C19F815D6D74F001E4398 /* NSFileManager+SkipBackup.m in Sources */,
				602026BD15D727AE00284FD5 /* NSFileManager+PathHandling.m in Sources */,
				602026C115D72A0500284FD5 /* ORImageViewCell.m in Sources */,
				602026C415D7384900284FD5 /* ORAlbumViewController.m in Sources */,
				6020270815D74B1700284FD5 /* JDSlideshowController.m in Sources */,
				6020270915D74B1700284FD5 /* JDSlideshowView.m in Sources */,
				6020270A15D74B1700284FD5 /* JDSlideshowViewController.m in Sources */,
				6020270B15D74B1700284FD5 /* JDSlideView.m in Sources */,
				6020272E15D7B3A300284FD5 /* ORThumbnailOperation.m in Sources */,
				6058DB7A15DD8BEB00D35A13 /* ORPhotoViewController.m in Sources */,
			);
			runOnlyForDeploymentPostprocessing = 0;
		};
/* End PBXSourcesBuildPhase section */

/* Begin PBXVariantGroup section */
		60F17E0815D30BEF0072FA37 /* InfoPlist.strings */ = {
			isa = PBXVariantGroup;
			children = (
				60F17E0915D30BEF0072FA37 /* en */,
			);
			name = InfoPlist.strings;
			sourceTree = "<group>";
		};
		60F17E1115D30BEF0072FA37 /* MainStoryboard.storyboard */ = {
			isa = PBXVariantGroup;
			children = (
				60F17E1215D30BEF0072FA37 /* en */,
			);
			name = MainStoryboard.storyboard;
			sourceTree = "<group>";
		};
/* End PBXVariantGroup section */

/* Begin XCBuildConfiguration section */
		60F17E1715D30BEF0072FA37 /* Debug */ = {
			isa = XCBuildConfiguration;
			buildSettings = {
				ALWAYS_SEARCH_USER_PATHS = NO;
				CLANG_CXX_LANGUAGE_STANDARD = "gnu++0x";
				CLANG_CXX_LIBRARY = "libc++";
				CLANG_ENABLE_OBJC_ARC = YES;
				CLANG_WARN__DUPLICATE_METHOD_MATCH = YES;
				"CODE_SIGN_IDENTITY[sdk=iphoneos*]" = "iPhone Developer";
				COPY_PHASE_STRIP = NO;
				GCC_C_LANGUAGE_STANDARD = gnu99;
				GCC_DYNAMIC_NO_PIC = NO;
				GCC_OPTIMIZATION_LEVEL = 0;
				GCC_PREPROCESSOR_DEFINITIONS = (
					"DEBUG=1",
					"$(inherited)",
				);
				GCC_SYMBOLS_PRIVATE_EXTERN = NO;
				GCC_WARN_ABOUT_RETURN_TYPE = YES;
				GCC_WARN_UNINITIALIZED_AUTOS = YES;
				GCC_WARN_UNUSED_VARIABLE = YES;
				IPHONEOS_DEPLOYMENT_TARGET = 6.0;
				SDKROOT = iphoneos;
				TARGETED_DEVICE_FAMILY = 2;
			};
			name = Debug;
		};
		60F17E1815D30BEF0072FA37 /* Release */ = {
			isa = XCBuildConfiguration;
			buildSettings = {
				ALWAYS_SEARCH_USER_PATHS = NO;
				CLANG_CXX_LANGUAGE_STANDARD = "gnu++0x";
				CLANG_CXX_LIBRARY = "libc++";
				CLANG_ENABLE_OBJC_ARC = YES;
				CLANG_WARN__DUPLICATE_METHOD_MATCH = YES;
				"CODE_SIGN_IDENTITY[sdk=iphoneos*]" = "iPhone Developer";
				COPY_PHASE_STRIP = YES;
				GCC_C_LANGUAGE_STANDARD = gnu99;
				GCC_WARN_ABOUT_RETURN_TYPE = YES;
				GCC_WARN_UNINITIALIZED_AUTOS = YES;
				GCC_WARN_UNUSED_VARIABLE = YES;
				IPHONEOS_DEPLOYMENT_TARGET = 6.0;
				OTHER_CFLAGS = "-DNS_BLOCK_ASSERTIONS=1";
				SDKROOT = iphoneos;
				TARGETED_DEVICE_FAMILY = 2;
				VALIDATE_PRODUCT = YES;
			};
			name = Release;
		};
		60F17E1A15D30BEF0072FA37 /* Debug */ = {
			isa = XCBuildConfiguration;
			baseConfigurationReference = 5A013139B7564C65A11A6AF7 /* Pods.xcconfig */;
			buildSettings = {
				"CODE_SIGN_IDENTITY[sdk=iphoneos*]" = "iPhone Developer";
				FRAMEWORK_SEARCH_PATHS = (
					"$(inherited)",
					"\"$(SRCROOT)/Melia/ZooZSDK.embeddedframework\"",
				);
				GCC_PRECOMPILE_PREFIX_HEADER = YES;
				GCC_PREFIX_HEADER = "Melia/Melia-Prefix.pch";
				INFOPLIST_FILE = "Melia/Melia-Info.plist";
				IPHONEOS_DEPLOYMENT_TARGET = 5.0;
				LIBRARY_SEARCH_PATHS = (
					"$(inherited)",
					"\"$(SRCROOT)/Melia\"",
				);
				PRODUCT_NAME = "$(TARGET_NAME)";
				"PROVISIONING_PROFILE[sdk=iphoneos*]" = "";
				WRAPPER_EXTENSION = app;
			};
			name = Debug;
		};
		60F17E1B15D30BEF0072FA37 /* Release */ = {
			isa = XCBuildConfiguration;
			baseConfigurationReference = 5A013139B7564C65A11A6AF7 /* Pods.xcconfig */;
			buildSettings = {
				"CODE_SIGN_IDENTITY[sdk=iphoneos*]" = "iPhone Developer";
				FRAMEWORK_SEARCH_PATHS = (
					"$(inherited)",
					"\"$(SRCROOT)/Melia/ZooZSDK.embeddedframework\"",
				);
				GCC_PRECOMPILE_PREFIX_HEADER = YES;
				GCC_PREFIX_HEADER = "Melia/Melia-Prefix.pch";
				INFOPLIST_FILE = "Melia/Melia-Info.plist";
				IPHONEOS_DEPLOYMENT_TARGET = 5.0;
				LIBRARY_SEARCH_PATHS = (
					"$(inherited)",
					"\"$(SRCROOT)/Melia\"",
				);
				PRODUCT_NAME = "$(TARGET_NAME)";
				"PROVISIONING_PROFILE[sdk=iphoneos*]" = "";
				WRAPPER_EXTENSION = app;
			};
			name = Release;
		};
/* End XCBuildConfiguration section */

/* Begin XCConfigurationList section */
		60F17DF515D30BEF0072FA37 /* Build configuration list for PBXProject "Melia" */ = {
			isa = XCConfigurationList;
			buildConfigurations = (
				60F17E1715D30BEF0072FA37 /* Debug */,
				60F17E1815D30BEF0072FA37 /* Release */,
			);
			defaultConfigurationIsVisible = 0;
			defaultConfigurationName = Release;
		};
		60F17E1915D30BEF0072FA37 /* Build configuration list for PBXNativeTarget "The Melia" */ = {
			isa = XCConfigurationList;
			buildConfigurations = (
				60F17E1A15D30BEF0072FA37 /* Debug */,
				60F17E1B15D30BEF0072FA37 /* Release */,
			);
			defaultConfigurationIsVisible = 0;
			defaultConfigurationName = Release;
		};
/* End XCConfigurationList section */
	};
	rootObject = 60F17DF215D30BEF0072FA37 /* Project object */;
}
